
Microsoft Visual Studio Solution File, Format Version 9.00
# Visual Studio 2005
# SharpDevelop 3.1.0.4077
Project("{FAE04EC0-301F-11D3-BF4B-00C04F79EFBC}") = "avantCore", "avantCore\avantCore.csproj", "{1FD7A2F6-70F8-4F79-A1EE-EBF9189053E4}"
	ProjectSection(ProjectDependencies) = postProject
		{E46315E1-C9A4-4208-B56C-CF4E0828593E} = {E46315E1-C9A4-4208-B56C-CF4E0828593E}
	EndProjectSection
EndProject
Project("{FAE04EC0-301F-11D3-BF4B-00C04F79EFBC}") = "SmppLib", "SmppLib\SmppLib.csproj", "{E46315E1-C9A4-4208-B56C-CF4E0828593E}"
EndProject
Project("{2150E333-8FDC-42A3-9474-1A3956D46DE8}") = "Tests", "Tests", "{8088B654-9E72-4AAF-84DB-7AC47960C148}"
EndProject
Project("{FAE04EC0-301F-11D3-BF4B-00C04F79EFBC}") = "ChannelConfigWSTest", "Tests\ChannelConfigWSTest\ChannelConfigWSTest.csproj", "{E7383655-A8EE-4BE3-B3C5-EBC03B594A69}"
EndProject
Project("{FAE04EC0-301F-11D3-BF4B-00C04F79EFBC}") = "MSMQMonitorer", "MSMQMonitorer\MSMQMonitorer.csproj", "{73639F67-972E-42DA-8A18-D3198A506E02}"
EndProject
Project("{FAE04EC0-301F-11D3-BF4B-00C04F79EFBC}") = "TestAsyncMSMQAccess", "TestAsyncMSMQAccess\TestAsyncMSMQAccess.csproj", "{06A5EF87-5D39-4010-AE87-A51695B44509}"
EndProject
Project("{FAE04EC0-301F-11D3-BF4B-00C04F79EFBC}") = "TransportManagerTest", "TransportManagerTest\TransportManagerTest.csproj", "{506BA56E-7FB6-4C52-B9D0-E365B3EAA216}"
EndProject
Project("{2150E333-8FDC-42A3-9474-1A3956D46DE8}") = "Setups", "Setups", "{9EECDAA8-3485-454C-9F69-FF6F032FE06A}"
EndProject
Project("{54435603-DBB4-11D2-8724-00A0C9A8B90C}") = "RouterSetup", "Setup\RouterSetup\RouterSetup.vdproj", "{F86CC2A5-1C61-49C9-920D-74410D5456D9}"
EndProject
Project("{54435603-DBB4-11D2-8724-00A0C9A8B90C}") = "ConnectorSetup", "Setup\ConnectorSetup\ConnectorSetup.vdproj", "{0D8AAB60-3E3F-4CB0-8FAA-CDAFD050BDCC}"
EndProject
Project("{54435603-DBB4-11D2-8724-00A0C9A8B90C}") = "MSMQLoggerSetup", "Setup\MSMQLoggerSetup\MSMQLoggerSetup.vdproj", "{E15C5AF2-4DBC-4FFD-8130-7A78B035CBF2}"
EndProject
Project("{2150E333-8FDC-42A3-9474-1A3956D46DE8}") = "WebServices", "WebServices", "{BF179546-B84A-459F-9D75-3E4002C6FD68}"
EndProject
Project("{E24C65DC-7377-472B-9ABA-BC803B73C61A}") = "D:\...\SMSFeed\", "WebServices\SMSFeed", "{5105DF0A-F3FD-4F84-9CCB-A99B845F4128}"
	ProjectSection(WebsiteProperties) = preProject
		SccProjectName = "Svn"
		SccAuxPath = "Svn"
		SccLocalPath = "Svn"
		SccProvider = "SubversionScc"
		ProjectReferences = "{1FD7A2F6-70F8-4F79-A1EE-EBF9189053E4}|avantCore.dll;"
		Debug.AspNetCompiler.VirtualPath = "/SMSFeed"
		Debug.AspNetCompiler.PhysicalPath = "WebServices\SMSFeed\"
		Debug.AspNetCompiler.TargetPath = "PrecompiledWeb\SMSFeed\"
		Debug.AspNetCompiler.Updateable = "true"
		Debug.AspNetCompiler.ForceOverwrite = "true"
		Debug.AspNetCompiler.FixedNames = "false"
		Debug.AspNetCompiler.Debug = "True"
		Release.AspNetCompiler.VirtualPath = "/SMSFeed"
		Release.AspNetCompiler.PhysicalPath = "WebServices\SMSFeed\"
		Release.AspNetCompiler.TargetPath = "PrecompiledWeb\SMSFeed\"
		Release.AspNetCompiler.Updateable = "true"
		Release.AspNetCompiler.ForceOverwrite = "true"
		Release.AspNetCompiler.FixedNames = "false"
		Release.AspNetCompiler.Debug = "False"
		VWDPort = "51543"
	EndProjectSection
EndProject
Project("{E24C65DC-7377-472B-9ABA-BC803B73C61A}") = "D:\...\WebAccessAuthorization\", "WebServices\WebAccessAuthorization", "{F5E776DD-FF63-4476-AC4A-C170752E12D2}"
	ProjectSection(WebsiteProperties) = preProject
		SccProjectName = "Svn"
		SccAuxPath = "Svn"
		SccLocalPath = "Svn"
		SccProvider = "SubversionScc"
		ProjectReferences = "{E45340CA-AA2B-4256-88FB-428AA28EEF3F}|avantMobile.Logging.dll;{1EDA6189-6195-492C-8B2F-609DDCD95FF3}|Settings.dll;{7E31C002-96F3-4500-8A94-17CA32115B7F}|avantMobile.CommonUtils.dll;"
		Debug.AspNetCompiler.VirtualPath = "/WebAccessAuthorization"
		Debug.AspNetCompiler.PhysicalPath = "WebServices\WebAccessAuthorization\"
		Debug.AspNetCompiler.TargetPath = "PrecompiledWeb\WebAccessAuthorization\"
		Debug.AspNetCompiler.Updateable = "true"
		Debug.AspNetCompiler.ForceOverwrite = "true"
		Debug.AspNetCompiler.FixedNames = "false"
		Debug.AspNetCompiler.Debug = "True"
		Release.AspNetCompiler.VirtualPath = "/WebAccessAuthorization"
		Release.AspNetCompiler.PhysicalPath = "WebServices\WebAccessAuthorization\"
		Release.AspNetCompiler.TargetPath = "PrecompiledWeb\WebAccessAuthorization\"
		Release.AspNetCompiler.Updateable = "true"
		Release.AspNetCompiler.ForceOverwrite = "true"
		Release.AspNetCompiler.FixedNames = "false"
		Release.AspNetCompiler.Debug = "False"
		VWDPort = "51546"
		DefaultWebSiteLanguage = "Visual C#"
	EndProjectSection
EndProject
Project("{E24C65DC-7377-472B-9ABA-BC803B73C61A}") = "D:\...\WebAccessPartnerFailedRequests\", "WebServices\WebAccessPartnerFailedRequests", "{1CE508ED-2C2F-421E-AFC7-A6257364F0E3}"
	ProjectSection(WebsiteProperties) = preProject
		SccProjectName = "Svn"
		SccAuxPath = "Svn"
		SccLocalPath = "Svn"
		SccProvider = "SubversionScc"
		ProjectReferences = "{7E31C002-96F3-4500-8A94-17CA32115B7F}|avantMobile.CommonUtils.dll;{1EDA6189-6195-492C-8B2F-609DDCD95FF3}|Settings.dll;{E45340CA-AA2B-4256-88FB-428AA28EEF3F}|avantMobile.Logging.dll;"
		Debug.AspNetCompiler.VirtualPath = "/WebAccessPartnerFailedRequests"
		Debug.AspNetCompiler.PhysicalPath = "WebServices\WebAccessPartnerFailedRequests\"
		Debug.AspNetCompiler.TargetPath = "PrecompiledWeb\WebAccessPartnerFailedRequests\"
		Debug.AspNetCompiler.Updateable = "true"
		Debug.AspNetCompiler.ForceOverwrite = "true"
		Debug.AspNetCompiler.FixedNames = "false"
		Debug.AspNetCompiler.Debug = "True"
		Release.AspNetCompiler.VirtualPath = "/WebAccessPartnerFailedRequests"
		Release.AspNetCompiler.PhysicalPath = "WebServices\WebAccessPartnerFailedRequests\"
		Release.AspNetCompiler.TargetPath = "PrecompiledWeb\WebAccessPartnerFailedRequests\"
		Release.AspNetCompiler.Updateable = "true"
		Release.AspNetCompiler.ForceOverwrite = "true"
		Release.AspNetCompiler.FixedNames = "false"
		Release.AspNetCompiler.Debug = "False"
		VWDPort = "51549"
		DefaultWebSiteLanguage = "Visual C#"
	EndProjectSection
EndProject
Project("{2150E333-8FDC-42A3-9474-1A3956D46DE8}") = "WinServices", "WinServices", "{92819733-F070-4E53-AE94-955127CD5920}"
EndProject
Project("{FAE04EC0-301F-11D3-BF4B-00C04F79EFBC}") = "RouterServices", "WinServices\RouterServices\RouterServices.csproj", "{FDD065D7-6E55-4426-91E9-D26A4067337E}"
EndProject
Project("{FAE04EC0-301F-11D3-BF4B-00C04F79EFBC}") = "ConnectorServices", "WinServices\ConnectorService\ConnectorServices.csproj", "{23CB5900-6FCA-4E0E-A3A9-5EB2818D19F3}"
EndProject
Project("{FAE04EC0-301F-11D3-BF4B-00C04F79EFBC}") = "MSMQLoggerService", "WinServices\MSMQLoggerService\MSMQLoggerService.csproj", "{414F3FA4-E4C6-4A92-842A-01D203E7F472}"
EndProject
Project("{FAE04EC0-301F-11D3-BF4B-00C04F79EFBC}") = "TransportManager", "WinServices\TransportManager\TransportManager.csproj", "{2CE1E9AB-E890-471D-8BA1-58164787B4AB}"
EndProject
Project("{FAE04EC0-301F-11D3-BF4B-00C04F79EFBC}") = "Avant.Core.SubscriptionProxy", "Utils\AvantLibs\avant.core.SubscriptionProxy\Avant.Core.SubscriptionProxy.csproj", "{8548211A-3870-475C-A7D2-CFC9CF22AD4F}"
EndProject
Project("{2150E333-8FDC-42A3-9474-1A3956D46DE8}") = "Utils", "Utils", "{CD23E820-4A5B-4733-9537-A142ED4F3B2A}"
EndProject
Project("{FAE04EC0-301F-11D3-BF4B-00C04F79EFBC}") = "CommonUtils", "Utils\AvantLibs\CommonUtils\CommonUtils.csproj", "{7E31C002-96F3-4500-8A94-17CA32115B7F}"
EndProject
Project("{FAE04EC0-301F-11D3-BF4B-00C04F79EFBC}") = "Logging", "Utils\AvantLibs\Logging\LoggingClassLibrary\Logging.csproj", "{E45340CA-AA2B-4256-88FB-428AA28EEF3F}"
EndProject
Project("{FAE04EC0-301F-11D3-BF4B-00C04F79EFBC}") = "Settings", "Settings\Settings.csproj", "{1EDA6189-6195-492C-8B2F-609DDCD95FF3}"
EndProject
Project("{FAE04EC0-301F-11D3-BF4B-00C04F79EFBC}") = "CommonConstants", "Utils\AvantLibs\CommonConstants\CommonConstants.csproj", "{03737D58-BF20-4510-847A-2E2BBBC0A6BA}"
EndProject
Project("{FAE04EC0-301F-11D3-BF4B-00C04F79EFBC}") = "Avant.DPO", "Utils\AvantLibs\DataAccess\Avant.DPO\Avant.DPO.csproj", "{7C929C53-F5FE-43C1-AE27-42D804BFDB0D}"
EndProject
Project("{FAE04EC0-301F-11D3-BF4B-00C04F79EFBC}") = "Avant.Core.Management.WMI", "Utils\Avant.Core.Management\Avant.Core.Management.WMI.csproj", "{B0C6A1A2-9F7F-41D5-B279-AC91A0FA37B8}"
EndProject
Project("{FAE04EC0-301F-11D3-BF4B-00C04F79EFBC}") = "Avant.ConfigOM", "Avant.ConfigOM\Avant.ConfigOM.csproj", "{4DFEF69A-B146-4B78-909D-CB8B2A29E329}"
	ProjectSection(ProjectDependencies) = postProject
		{7C929C53-F5FE-43C1-AE27-42D804BFDB0D} = {7C929C53-F5FE-43C1-AE27-42D804BFDB0D}
	EndProjectSection
EndProject
Project("{2150E333-8FDC-42A3-9474-1A3956D46DE8}") = "ChannelEditor", "ChannelEditor", "{0FC27E61-2233-4D64-B3AE-2D4209EFB64F}"
EndProject
Project("{FAE04EC0-301F-11D3-BF4B-00C04F79EFBC}") = "AvantLocalStarter", "AvantLocalStarter\AvantLocalStarter.csproj", "{E8848798-2447-4B2A-8B9A-548BA4A1D9E2}"
EndProject
Project("{FAE04EC0-301F-11D3-BF4B-00C04F79EFBC}") = "ChannelEditor", "ChannelEditor\ChannelEditor\ChannelEditor.csproj", "{26423168-F4AC-4A80-B4F8-01930B43477F}"
EndProject
Project("{FAE04EC0-301F-11D3-BF4B-00C04F79EFBC}") = "TabStrip", "ChannelEditor\TabStrip\TabStrip.csproj", "{F929CA6A-87BD-42C8-8D0A-6455DB6F55DC}"
EndProject
Project("{FAE04EC0-301F-11D3-BF4B-00C04F79EFBC}") = "Controls", "ChannelEditor\Controls\Controls.csproj", "{3E13D6EE-9245-48B2-8C79-EF46A2308DF9}"
EndProject
Project("{FAE04EC0-301F-11D3-BF4B-00C04F79EFBC}") = "DataSetLib", "DataSetLib\DataSetLib.csproj", "{381BD5E4-AC18-4DAC-9CF8-9DCED9ADFE2E}"
EndProject
Project("{2150E333-8FDC-42A3-9474-1A3956D46DE8}") = "WebSites", "WebSites", "{FB543C69-D885-4002-B590-AA05EFC50BF0}"
EndProject
Project("{E24C65DC-7377-472B-9ABA-BC803B73C61A}") = "D:\...\WebChannelEditor\", "WebSites\WebChannelEditor", "{7BE9B617-6E2F-43C4-92F2-2CF453A94288}"
	ProjectSection(WebsiteProperties) = preProject
		SccProjectName = "Svn"
		SccAuxPath = "Svn"
		SccLocalPath = "Svn"
		SccProvider = "SubversionScc"
		ProjectReferences = "{7C929C53-F5FE-43C1-AE27-42D804BFDB0D}|Avant.DPO.dll;{4DFEF69A-B146-4B78-909D-CB8B2A29E329}|Avant.ConfigOM.dll;{28B76D29-A288-4A12-9096-8DAA7A353AEA}|Avant.Core.Connectors.dll;"
		Debug.AspNetCompiler.VirtualPath = "/WebChannelEditor"
		Debug.AspNetCompiler.PhysicalPath = "WebSites\WebChannelEditor\"
		Debug.AspNetCompiler.TargetPath = "PrecompiledWeb\WebChannelEditor\"
		Debug.AspNetCompiler.Updateable = "true"
		Debug.AspNetCompiler.ForceOverwrite = "true"
		Debug.AspNetCompiler.FixedNames = "false"
		Debug.AspNetCompiler.Debug = "True"
		Release.AspNetCompiler.VirtualPath = "/WebChannelEditor"
		Release.AspNetCompiler.PhysicalPath = "WebSites\WebChannelEditor\"
		Release.AspNetCompiler.TargetPath = "PrecompiledWeb\WebChannelEditor\"
		Release.AspNetCompiler.Updateable = "true"
		Release.AspNetCompiler.ForceOverwrite = "true"
		Release.AspNetCompiler.FixedNames = "false"
		Release.AspNetCompiler.Debug = "False"
		VWDPort = "9192"
		DefaultWebSiteLanguage = "Visual C#"
	EndProjectSection
EndProject
Project("{E24C65DC-7377-472B-9ABA-BC803B73C61A}") = "D:\...\MessageSender\", "WebSites\MessageSender", "{CF4C70EC-A850-4483-864E-E3E9C262A41B}"
	ProjectSection(WebsiteProperties) = preProject
		SccProjectName = "Svn"
		SccAuxPath = "Svn"
		SccLocalPath = "Svn"
		SccProvider = "SubversionScc"
		ProjectReferences = "{4DFEF69A-B146-4B78-909D-CB8B2A29E329}|Avant.ConfigOM.dll;{1FD7A2F6-70F8-4F79-A1EE-EBF9189053E4}|avantCore.dll;{28B76D29-A288-4A12-9096-8DAA7A353AEA}|Avant.Core.Connectors.dll;"
		Debug.AspNetCompiler.VirtualPath = "/MessageSender"
		Debug.AspNetCompiler.PhysicalPath = "WebSites\MessageSender\"
		Debug.AspNetCompiler.TargetPath = "PrecompiledWeb\MessageSender\"
		Debug.AspNetCompiler.Updateable = "true"
		Debug.AspNetCompiler.ForceOverwrite = "true"
		Debug.AspNetCompiler.FixedNames = "false"
		Debug.AspNetCompiler.Debug = "True"
		Release.AspNetCompiler.VirtualPath = "/MessageSender"
		Release.AspNetCompiler.PhysicalPath = "WebSites\MessageSender\"
		Release.AspNetCompiler.TargetPath = "PrecompiledWeb\MessageSender\"
		Release.AspNetCompiler.Updateable = "true"
		Release.AspNetCompiler.ForceOverwrite = "true"
		Release.AspNetCompiler.FixedNames = "false"
		Release.AspNetCompiler.Debug = "False"
		VWDPort = "51552"
		DefaultWebSiteLanguage = "Visual C#"
	EndProjectSection
EndProject
Project("{FAE04EC0-301F-11D3-BF4B-00C04F79EFBC}") = "Avant.Core.Connectors", "Utils\AvantLibs\avant.core.connectors\Avant.Core.Connectors.csproj", "{28B76D29-A288-4A12-9096-8DAA7A353AEA}"
EndProject
Project("{FAE04EC0-301F-11D3-BF4B-00C04F79EFBC}") = "Avant.Core.Services", "Utils\AvantLibs\avant.core.services\Avant.Core.Services.csproj", "{90EFA82A-236E-422D-B78A-19E9BA84784E}"
EndProject
Project("{FAE04EC0-301F-11D3-BF4B-00C04F79EFBC}") = "Avant.Core.Connectors.Management", "Utils\AvantLibs\avant.core.connectors.management\Avant.Core.Connectors.Management.csproj", "{8E930BD9-F90E-442B-A671-2857677014E2}"
EndProject
Project("{FAE04EC0-301F-11D3-BF4B-00C04F79EFBC}") = "Avant.Core.Services.Management", "Avant.Core.Services.Management\Avant.Core.Services.Management.csproj", "{85D20A7F-C121-4242-998B-35D196E77F87}"
EndProject
Project("{FAE04EC0-301F-11D3-BF4B-00C04F79EFBC}") = "Avant.Core.Management", "Utils\AvantLibs\Avant.Core.Management\Avant.Core.Management.csproj", "{C7652C3B-9F08-4020-B665-E1AA6137E148}"
EndProject
Project("{FAE04EC0-301F-11D3-BF4B-00C04F79EFBC}") = "Avant.Core.Interaction", "Avant.Core.Interaction\Avant.Core.Interaction.csproj", "{E98F16D8-FA57-4C08-A0E4-5BC1A0E66DC8}"
EndProject
Global
	GlobalSection(SubversionScc) = preSolution
		Svn-Managed = True
		Manager = AnkhSVN - Subversion Support for Visual Studio
	EndGlobalSection
	GlobalSection(SolutionConfigurationPlatforms) = preSolution
		Debug DB Only|.NET = Debug DB Only|.NET
		Debug DB Only|Any CPU = Debug DB Only|Any CPU
		Debug DB Only|Mixed Platforms = Debug DB Only|Mixed Platforms
		Debug|.NET = Debug|.NET
		Debug|Any CPU = Debug|Any CPU
		Debug|Mixed Platforms = Debug|Mixed Platforms
		DebugWithoutInstaller|.NET = DebugWithoutInstaller|.NET
		DebugWithoutInstaller|Any CPU = DebugWithoutInstaller|Any CPU
		DebugWithoutInstaller|Mixed Platforms = DebugWithoutInstaller|Mixed Platforms
		Release|.NET = Release|.NET
		Release|Any CPU = Release|Any CPU
		Release|Mixed Platforms = Release|Mixed Platforms
	EndGlobalSection
	GlobalSection(ProjectConfigurationPlatforms) = postSolution
		{1FD7A2F6-70F8-4F79-A1EE-EBF9189053E4}.Debug DB Only|.NET.ActiveCfg = Debug|Any CPU
		{1FD7A2F6-70F8-4F79-A1EE-EBF9189053E4}.Debug DB Only|Any CPU.ActiveCfg = Debug|Any CPU
		{1FD7A2F6-70F8-4F79-A1EE-EBF9189053E4}.Debug DB Only|Any CPU.Build.0 = Debug|Any CPU
		{1FD7A2F6-70F8-4F79-A1EE-EBF9189053E4}.Debug DB Only|Mixed Platforms.ActiveCfg = Debug|Any CPU
		{1FD7A2F6-70F8-4F79-A1EE-EBF9189053E4}.Debug|.NET.ActiveCfg = Debug|Any CPU
		{1FD7A2F6-70F8-4F79-A1EE-EBF9189053E4}.Debug|Any CPU.ActiveCfg = Debug|Any CPU
		{1FD7A2F6-70F8-4F79-A1EE-EBF9189053E4}.Debug|Any CPU.Build.0 = Debug|Any CPU
		{1FD7A2F6-70F8-4F79-A1EE-EBF9189053E4}.Debug|Mixed Platforms.ActiveCfg = Debug|Any CPU
		{1FD7A2F6-70F8-4F79-A1EE-EBF9189053E4}.Debug|Mixed Platforms.Build.0 = Debug|Any CPU
		{1FD7A2F6-70F8-4F79-A1EE-EBF9189053E4}.DebugWithoutInstaller|.NET.ActiveCfg = Debug|Any CPU
		{1FD7A2F6-70F8-4F79-A1EE-EBF9189053E4}.DebugWithoutInstaller|Any CPU.ActiveCfg = Debug|Any CPU
		{1FD7A2F6-70F8-4F79-A1EE-EBF9189053E4}.DebugWithoutInstaller|Any CPU.Build.0 = Debug|Any CPU
		{1FD7A2F6-70F8-4F79-A1EE-EBF9189053E4}.DebugWithoutInstaller|Mixed Platforms.ActiveCfg = Debug|Any CPU
		{1FD7A2F6-70F8-4F79-A1EE-EBF9189053E4}.DebugWithoutInstaller|Mixed Platforms.Build.0 = Debug|Any CPU
		{1FD7A2F6-70F8-4F79-A1EE-EBF9189053E4}.Release|.NET.ActiveCfg = Release|Any CPU
		{1FD7A2F6-70F8-4F79-A1EE-EBF9189053E4}.Release|Any CPU.ActiveCfg = Release|Any CPU
		{1FD7A2F6-70F8-4F79-A1EE-EBF9189053E4}.Release|Any CPU.Build.0 = Release|Any CPU
		{1FD7A2F6-70F8-4F79-A1EE-EBF9189053E4}.Release|Mixed Platforms.ActiveCfg = Release|Any CPU
		{1FD7A2F6-70F8-4F79-A1EE-EBF9189053E4}.Release|Mixed Platforms.Build.0 = Release|Any CPU
		{E46315E1-C9A4-4208-B56C-CF4E0828593E}.Debug DB Only|.NET.ActiveCfg = Debug|Any CPU
		{E46315E1-C9A4-4208-B56C-CF4E0828593E}.Debug DB Only|Any CPU.ActiveCfg = Debug|Any CPU
		{E46315E1-C9A4-4208-B56C-CF4E0828593E}.Debug DB Only|Any CPU.Build.0 = Debug|Any CPU
		{E46315E1-C9A4-4208-B56C-CF4E0828593E}.Debug DB Only|Mixed Platforms.ActiveCfg = Debug|Any CPU
		{E46315E1-C9A4-4208-B56C-CF4E0828593E}.Debug|.NET.ActiveCfg = Debug|Any CPU
		{E46315E1-C9A4-4208-B56C-CF4E0828593E}.Debug|Any CPU.ActiveCfg = Debug|Any CPU
		{E46315E1-C9A4-4208-B56C-CF4E0828593E}.Debug|Any CPU.Build.0 = Debug|Any CPU
		{E46315E1-C9A4-4208-B56C-CF4E0828593E}.Debug|Mixed Platforms.ActiveCfg = Debug|Any CPU
		{E46315E1-C9A4-4208-B56C-CF4E0828593E}.Debug|Mixed Platforms.Build.0 = Debug|Any CPU
		{E46315E1-C9A4-4208-B56C-CF4E0828593E}.DebugWithoutInstaller|.NET.ActiveCfg = Debug|Any CPU
		{E46315E1-C9A4-4208-B56C-CF4E0828593E}.DebugWithoutInstaller|Any CPU.ActiveCfg = Debug|Any CPU
		{E46315E1-C9A4-4208-B56C-CF4E0828593E}.DebugWithoutInstaller|Any CPU.Build.0 = Debug|Any CPU
		{E46315E1-C9A4-4208-B56C-CF4E0828593E}.DebugWithoutInstaller|Mixed Platforms.ActiveCfg = Debug|Any CPU
		{E46315E1-C9A4-4208-B56C-CF4E0828593E}.DebugWithoutInstaller|Mixed Platforms.Build.0 = Debug|Any CPU
		{E46315E1-C9A4-4208-B56C-CF4E0828593E}.Release|.NET.ActiveCfg = Release|Any CPU
		{E46315E1-C9A4-4208-B56C-CF4E0828593E}.Release|Any CPU.ActiveCfg = Release|Any CPU
		{E46315E1-C9A4-4208-B56C-CF4E0828593E}.Release|Any CPU.Build.0 = Release|Any CPU
		{E46315E1-C9A4-4208-B56C-CF4E0828593E}.Release|Mixed Platforms.ActiveCfg = Release|Any CPU
		{E46315E1-C9A4-4208-B56C-CF4E0828593E}.Release|Mixed Platforms.Build.0 = Release|Any CPU
		{03737D58-BF20-4510-847A-2E2BBBC0A6BA}.Debug DB Only|.NET.ActiveCfg = Debug|Any CPU
		{03737D58-BF20-4510-847A-2E2BBBC0A6BA}.Debug DB Only|Any CPU.ActiveCfg = Debug|Any CPU
		{03737D58-BF20-4510-847A-2E2BBBC0A6BA}.Debug DB Only|Any CPU.Build.0 = Debug|Any CPU
		{03737D58-BF20-4510-847A-2E2BBBC0A6BA}.Debug DB Only|Mixed Platforms.ActiveCfg = Debug|Any CPU
		{03737D58-BF20-4510-847A-2E2BBBC0A6BA}.Debug DB Only|Mixed Platforms.Build.0 = Debug|Any CPU
		{03737D58-BF20-4510-847A-2E2BBBC0A6BA}.Debug|.NET.ActiveCfg = Debug|Any CPU
		{03737D58-BF20-4510-847A-2E2BBBC0A6BA}.Debug|Any CPU.ActiveCfg = Debug|Any CPU
		{03737D58-BF20-4510-847A-2E2BBBC0A6BA}.Debug|Any CPU.Build.0 = Debug|Any CPU
		{03737D58-BF20-4510-847A-2E2BBBC0A6BA}.Debug|Mixed Platforms.ActiveCfg = Debug|Any CPU
		{03737D58-BF20-4510-847A-2E2BBBC0A6BA}.Debug|Mixed Platforms.Build.0 = Debug|Any CPU
		{03737D58-BF20-4510-847A-2E2BBBC0A6BA}.DebugWithoutInstaller|.NET.ActiveCfg = Debug|Any CPU
		{03737D58-BF20-4510-847A-2E2BBBC0A6BA}.DebugWithoutInstaller|Any CPU.ActiveCfg = Debug|Any CPU
		{03737D58-BF20-4510-847A-2E2BBBC0A6BA}.DebugWithoutInstaller|Any CPU.Build.0 = Debug|Any CPU
		{03737D58-BF20-4510-847A-2E2BBBC0A6BA}.DebugWithoutInstaller|Mixed Platforms.ActiveCfg = Debug|Any CPU
		{03737D58-BF20-4510-847A-2E2BBBC0A6BA}.DebugWithoutInstaller|Mixed Platforms.Build.0 = Debug|Any CPU
		{03737D58-BF20-4510-847A-2E2BBBC0A6BA}.Release|.NET.ActiveCfg = Release|Any CPU
		{03737D58-BF20-4510-847A-2E2BBBC0A6BA}.Release|Any CPU.ActiveCfg = Release|Any CPU
		{03737D58-BF20-4510-847A-2E2BBBC0A6BA}.Release|Any CPU.Build.0 = Release|Any CPU
		{03737D58-BF20-4510-847A-2E2BBBC0A6BA}.Release|Mixed Platforms.ActiveCfg = Release|Any CPU
		{03737D58-BF20-4510-847A-2E2BBBC0A6BA}.Release|Mixed Platforms.Build.0 = Release|Any CPU
		{7E31C002-96F3-4500-8A94-17CA32115B7F}.Debug DB Only|.NET.ActiveCfg = Debug|Any CPU
		{7E31C002-96F3-4500-8A94-17CA32115B7F}.Debug DB Only|Any CPU.ActiveCfg = Debug|Any CPU
		{7E31C002-96F3-4500-8A94-17CA32115B7F}.Debug DB Only|Any CPU.Build.0 = Debug|Any CPU
		{7E31C002-96F3-4500-8A94-17CA32115B7F}.Debug DB Only|Mixed Platforms.ActiveCfg = Debug|Any CPU
		{7E31C002-96F3-4500-8A94-17CA32115B7F}.Debug DB Only|Mixed Platforms.Build.0 = Debug|Any CPU
		{7E31C002-96F3-4500-8A94-17CA32115B7F}.Debug|.NET.ActiveCfg = Debug|Any CPU
		{7E31C002-96F3-4500-8A94-17CA32115B7F}.Debug|Any CPU.ActiveCfg = Debug|Any CPU
		{7E31C002-96F3-4500-8A94-17CA32115B7F}.Debug|Any CPU.Build.0 = Debug|Any CPU
		{7E31C002-96F3-4500-8A94-17CA32115B7F}.Debug|Mixed Platforms.ActiveCfg = Debug|Any CPU
		{7E31C002-96F3-4500-8A94-17CA32115B7F}.Debug|Mixed Platforms.Build.0 = Debug|Any CPU
		{7E31C002-96F3-4500-8A94-17CA32115B7F}.DebugWithoutInstaller|.NET.ActiveCfg = Debug|Any CPU
		{7E31C002-96F3-4500-8A94-17CA32115B7F}.DebugWithoutInstaller|Any CPU.ActiveCfg = Debug|Any CPU
		{7E31C002-96F3-4500-8A94-17CA32115B7F}.DebugWithoutInstaller|Any CPU.Build.0 = Debug|Any CPU
		{7E31C002-96F3-4500-8A94-17CA32115B7F}.DebugWithoutInstaller|Mixed Platforms.ActiveCfg = Debug|Any CPU
		{7E31C002-96F3-4500-8A94-17CA32115B7F}.DebugWithoutInstaller|Mixed Platforms.Build.0 = Debug|Any CPU
		{7E31C002-96F3-4500-8A94-17CA32115B7F}.Release|.NET.ActiveCfg = Release|Any CPU
		{7E31C002-96F3-4500-8A94-17CA32115B7F}.Release|Any CPU.ActiveCfg = Release|Any CPU
		{7E31C002-96F3-4500-8A94-17CA32115B7F}.Release|Any CPU.Build.0 = Release|Any CPU
		{7E31C002-96F3-4500-8A94-17CA32115B7F}.Release|Mixed Platforms.ActiveCfg = Release|Any CPU
		{7E31C002-96F3-4500-8A94-17CA32115B7F}.Release|Mixed Platforms.Build.0 = Release|Any CPU
		{E45340CA-AA2B-4256-88FB-428AA28EEF3F}.Debug DB Only|.NET.ActiveCfg = Debug|Any CPU
		{E45340CA-AA2B-4256-88FB-428AA28EEF3F}.Debug DB Only|Any CPU.ActiveCfg = Debug|Any CPU
		{E45340CA-AA2B-4256-88FB-428AA28EEF3F}.Debug DB Only|Any CPU.Build.0 = Debug|Any CPU
		{E45340CA-AA2B-4256-88FB-428AA28EEF3F}.Debug DB Only|Mixed Platforms.ActiveCfg = Debug|Any CPU
		{E45340CA-AA2B-4256-88FB-428AA28EEF3F}.Debug DB Only|Mixed Platforms.Build.0 = Debug|Any CPU
		{E45340CA-AA2B-4256-88FB-428AA28EEF3F}.Debug|.NET.ActiveCfg = Debug|Any CPU
		{E45340CA-AA2B-4256-88FB-428AA28EEF3F}.Debug|Any CPU.ActiveCfg = Debug|Any CPU
		{E45340CA-AA2B-4256-88FB-428AA28EEF3F}.Debug|Any CPU.Build.0 = Debug|Any CPU
		{E45340CA-AA2B-4256-88FB-428AA28EEF3F}.Debug|Mixed Platforms.ActiveCfg = Debug|Any CPU
		{E45340CA-AA2B-4256-88FB-428AA28EEF3F}.Debug|Mixed Platforms.Build.0 = Debug|Any CPU
		{E45340CA-AA2B-4256-88FB-428AA28EEF3F}.DebugWithoutInstaller|.NET.ActiveCfg = Debug|Any CPU
		{E45340CA-AA2B-4256-88FB-428AA28EEF3F}.DebugWithoutInstaller|Any CPU.ActiveCfg = Debug|Any CPU
		{E45340CA-AA2B-4256-88FB-428AA28EEF3F}.DebugWithoutInstaller|Any CPU.Build.0 = Debug|Any CPU
		{E45340CA-AA2B-4256-88FB-428AA28EEF3F}.DebugWithoutInstaller|Mixed Platforms.ActiveCfg = Debug|Any CPU
		{E45340CA-AA2B-4256-88FB-428AA28EEF3F}.DebugWithoutInstaller|Mixed Platforms.Build.0 = Debug|Any CPU
		{E45340CA-AA2B-4256-88FB-428AA28EEF3F}.Release|.NET.ActiveCfg = Release|Any CPU
		{E45340CA-AA2B-4256-88FB-428AA28EEF3F}.Release|Any CPU.ActiveCfg = Release|Any CPU
		{E45340CA-AA2B-4256-88FB-428AA28EEF3F}.Release|Any CPU.Build.0 = Release|Any CPU
		{E45340CA-AA2B-4256-88FB-428AA28EEF3F}.Release|Mixed Platforms.ActiveCfg = Release|Any CPU
		{E45340CA-AA2B-4256-88FB-428AA28EEF3F}.Release|Mixed Platforms.Build.0 = Release|Any CPU
		{1EDA6189-6195-492C-8B2F-609DDCD95FF3}.Debug DB Only|.NET.ActiveCfg = Debug|Any CPU
		{1EDA6189-6195-492C-8B2F-609DDCD95FF3}.Debug DB Only|Any CPU.ActiveCfg = Debug|Any CPU
		{1EDA6189-6195-492C-8B2F-609DDCD95FF3}.Debug DB Only|Any CPU.Build.0 = Debug|Any CPU
		{1EDA6189-6195-492C-8B2F-609DDCD95FF3}.Debug DB Only|Mixed Platforms.ActiveCfg = Debug|Any CPU
		{1EDA6189-6195-492C-8B2F-609DDCD95FF3}.Debug DB Only|Mixed Platforms.Build.0 = Debug|Any CPU
		{1EDA6189-6195-492C-8B2F-609DDCD95FF3}.Debug|.NET.ActiveCfg = Debug|Any CPU
		{1EDA6189-6195-492C-8B2F-609DDCD95FF3}.Debug|Any CPU.ActiveCfg = Debug|Any CPU
		{1EDA6189-6195-492C-8B2F-609DDCD95FF3}.Debug|Any CPU.Build.0 = Debug|Any CPU
		{1EDA6189-6195-492C-8B2F-609DDCD95FF3}.Debug|Mixed Platforms.ActiveCfg = Debug|Any CPU
		{1EDA6189-6195-492C-8B2F-609DDCD95FF3}.Debug|Mixed Platforms.Build.0 = Debug|Any CPU
		{1EDA6189-6195-492C-8B2F-609DDCD95FF3}.DebugWithoutInstaller|.NET.ActiveCfg = Debug|Any CPU
		{1EDA6189-6195-492C-8B2F-609DDCD95FF3}.DebugWithoutInstaller|Any CPU.ActiveCfg = Debug|Any CPU
		{1EDA6189-6195-492C-8B2F-609DDCD95FF3}.DebugWithoutInstaller|Any CPU.Build.0 = Debug|Any CPU
		{1EDA6189-6195-492C-8B2F-609DDCD95FF3}.DebugWithoutInstaller|Mixed Platforms.ActiveCfg = Debug|Any CPU
		{1EDA6189-6195-492C-8B2F-609DDCD95FF3}.DebugWithoutInstaller|Mixed Platforms.Build.0 = Debug|Any CPU
		{1EDA6189-6195-492C-8B2F-609DDCD95FF3}.Release|.NET.ActiveCfg = Release|Any CPU
		{1EDA6189-6195-492C-8B2F-609DDCD95FF3}.Release|Any CPU.ActiveCfg = Release|Any CPU
		{1EDA6189-6195-492C-8B2F-609DDCD95FF3}.Release|Any CPU.Build.0 = Release|Any CPU
		{1EDA6189-6195-492C-8B2F-609DDCD95FF3}.Release|Mixed Platforms.ActiveCfg = Release|Any CPU
		{1EDA6189-6195-492C-8B2F-609DDCD95FF3}.Release|Mixed Platforms.Build.0 = Release|Any CPU
		{4DFEF69A-B146-4B78-909D-CB8B2A29E329}.Debug DB Only|.NET.ActiveCfg = Debug|Any CPU
		{4DFEF69A-B146-4B78-909D-CB8B2A29E329}.Debug DB Only|Any CPU.ActiveCfg = Debug|Any CPU
		{4DFEF69A-B146-4B78-909D-CB8B2A29E329}.Debug DB Only|Any CPU.Build.0 = Debug|Any CPU
		{4DFEF69A-B146-4B78-909D-CB8B2A29E329}.Debug DB Only|Mixed Platforms.ActiveCfg = Debug|Any CPU
		{4DFEF69A-B146-4B78-909D-CB8B2A29E329}.Debug DB Only|Mixed Platforms.Build.0 = Debug|Any CPU
		{4DFEF69A-B146-4B78-909D-CB8B2A29E329}.Debug|.NET.ActiveCfg = Debug|Any CPU
		{4DFEF69A-B146-4B78-909D-CB8B2A29E329}.Debug|Any CPU.ActiveCfg = Debug|Any CPU
		{4DFEF69A-B146-4B78-909D-CB8B2A29E329}.Debug|Any CPU.Build.0 = Debug|Any CPU
		{4DFEF69A-B146-4B78-909D-CB8B2A29E329}.Debug|Mixed Platforms.ActiveCfg = Debug|Any CPU
		{4DFEF69A-B146-4B78-909D-CB8B2A29E329}.Debug|Mixed Platforms.Build.0 = Debug|Any CPU
		{4DFEF69A-B146-4B78-909D-CB8B2A29E329}.DebugWithoutInstaller|.NET.ActiveCfg = Debug|Any CPU
		{4DFEF69A-B146-4B78-909D-CB8B2A29E329}.DebugWithoutInstaller|Any CPU.ActiveCfg = Debug|Any CPU
		{4DFEF69A-B146-4B78-909D-CB8B2A29E329}.DebugWithoutInstaller|Any CPU.Build.0 = Debug|Any CPU
		{4DFEF69A-B146-4B78-909D-CB8B2A29E329}.DebugWithoutInstaller|Mixed Platforms.ActiveCfg = Debug|Any CPU
		{4DFEF69A-B146-4B78-909D-CB8B2A29E329}.DebugWithoutInstaller|Mixed Platforms.Build.0 = Debug|Any CPU
		{4DFEF69A-B146-4B78-909D-CB8B2A29E329}.Release|.NET.ActiveCfg = Release|Any CPU
		{4DFEF69A-B146-4B78-909D-CB8B2A29E329}.Release|Any CPU.ActiveCfg = Release|Any CPU
		{4DFEF69A-B146-4B78-909D-CB8B2A29E329}.Release|Any CPU.Build.0 = Release|Any CPU
		{4DFEF69A-B146-4B78-909D-CB8B2A29E329}.Release|Mixed Platforms.ActiveCfg = Release|Any CPU
		{4DFEF69A-B146-4B78-909D-CB8B2A29E329}.Release|Mixed Platforms.Build.0 = Release|Any CPU
		{7C929C53-F5FE-43C1-AE27-42D804BFDB0D}.Debug DB Only|.NET.ActiveCfg = Debug|Any CPU
		{7C929C53-F5FE-43C1-AE27-42D804BFDB0D}.Debug DB Only|Any CPU.ActiveCfg = Debug|Any CPU
		{7C929C53-F5FE-43C1-AE27-42D804BFDB0D}.Debug DB Only|Any CPU.Build.0 = Debug|Any CPU
		{7C929C53-F5FE-43C1-AE27-42D804BFDB0D}.Debug DB Only|Mixed Platforms.ActiveCfg = Debug|Any CPU
		{7C929C53-F5FE-43C1-AE27-42D804BFDB0D}.Debug DB Only|Mixed Platforms.Build.0 = Debug|Any CPU
		{7C929C53-F5FE-43C1-AE27-42D804BFDB0D}.Debug|.NET.ActiveCfg = Debug|Any CPU
		{7C929C53-F5FE-43C1-AE27-42D804BFDB0D}.Debug|Any CPU.ActiveCfg = Debug|Any CPU
		{7C929C53-F5FE-43C1-AE27-42D804BFDB0D}.Debug|Any CPU.Build.0 = Debug|Any CPU
		{7C929C53-F5FE-43C1-AE27-42D804BFDB0D}.Debug|Mixed Platforms.ActiveCfg = Debug|Any CPU
		{7C929C53-F5FE-43C1-AE27-42D804BFDB0D}.Debug|Mixed Platforms.Build.0 = Debug|Any CPU
		{7C929C53-F5FE-43C1-AE27-42D804BFDB0D}.DebugWithoutInstaller|.NET.ActiveCfg = Debug|Any CPU
		{7C929C53-F5FE-43C1-AE27-42D804BFDB0D}.DebugWithoutInstaller|Any CPU.ActiveCfg = Debug|Any CPU
		{7C929C53-F5FE-43C1-AE27-42D804BFDB0D}.DebugWithoutInstaller|Any CPU.Build.0 = Debug|Any CPU
		{7C929C53-F5FE-43C1-AE27-42D804BFDB0D}.DebugWithoutInstaller|Mixed Platforms.ActiveCfg = Debug|Any CPU
		{7C929C53-F5FE-43C1-AE27-42D804BFDB0D}.DebugWithoutInstaller|Mixed Platforms.Build.0 = Debug|Any CPU
		{7C929C53-F5FE-43C1-AE27-42D804BFDB0D}.Release|.NET.ActiveCfg = Release|Any CPU
		{7C929C53-F5FE-43C1-AE27-42D804BFDB0D}.Release|Any CPU.ActiveCfg = Release|Any CPU
		{7C929C53-F5FE-43C1-AE27-42D804BFDB0D}.Release|Any CPU.Build.0 = Release|Any CPU
		{7C929C53-F5FE-43C1-AE27-42D804BFDB0D}.Release|Mixed Platforms.ActiveCfg = Release|Any CPU
		{7C929C53-F5FE-43C1-AE27-42D804BFDB0D}.Release|Mixed Platforms.Build.0 = Release|Any CPU
		{E8848798-2447-4B2A-8B9A-548BA4A1D9E2}.Debug DB Only|.NET.ActiveCfg = Debug|Any CPU
		{E8848798-2447-4B2A-8B9A-548BA4A1D9E2}.Debug DB Only|Any CPU.ActiveCfg = Debug|Any CPU
		{E8848798-2447-4B2A-8B9A-548BA4A1D9E2}.Debug DB Only|Any CPU.Build.0 = Debug|Any CPU
		{E8848798-2447-4B2A-8B9A-548BA4A1D9E2}.Debug DB Only|Mixed Platforms.ActiveCfg = Debug|Any CPU
		{E8848798-2447-4B2A-8B9A-548BA4A1D9E2}.Debug DB Only|Mixed Platforms.Build.0 = Debug|Any CPU
		{E8848798-2447-4B2A-8B9A-548BA4A1D9E2}.Debug|.NET.ActiveCfg = Debug|Any CPU
		{E8848798-2447-4B2A-8B9A-548BA4A1D9E2}.Debug|Any CPU.ActiveCfg = Debug|Any CPU
		{E8848798-2447-4B2A-8B9A-548BA4A1D9E2}.Debug|Any CPU.Build.0 = Debug|Any CPU
		{E8848798-2447-4B2A-8B9A-548BA4A1D9E2}.Debug|Mixed Platforms.ActiveCfg = Debug|Any CPU
		{E8848798-2447-4B2A-8B9A-548BA4A1D9E2}.Debug|Mixed Platforms.Build.0 = Debug|Any CPU
		{E8848798-2447-4B2A-8B9A-548BA4A1D9E2}.DebugWithoutInstaller|.NET.ActiveCfg = Debug|Any CPU
		{E8848798-2447-4B2A-8B9A-548BA4A1D9E2}.DebugWithoutInstaller|Any CPU.ActiveCfg = Debug|Any CPU
		{E8848798-2447-4B2A-8B9A-548BA4A1D9E2}.DebugWithoutInstaller|Any CPU.Build.0 = Debug|Any CPU
		{E8848798-2447-4B2A-8B9A-548BA4A1D9E2}.DebugWithoutInstaller|Mixed Platforms.ActiveCfg = Debug|Any CPU
		{E8848798-2447-4B2A-8B9A-548BA4A1D9E2}.DebugWithoutInstaller|Mixed Platforms.Build.0 = Debug|Any CPU
		{E8848798-2447-4B2A-8B9A-548BA4A1D9E2}.Release|.NET.ActiveCfg = Release|Any CPU
		{E8848798-2447-4B2A-8B9A-548BA4A1D9E2}.Release|Any CPU.ActiveCfg = Release|Any CPU
		{E8848798-2447-4B2A-8B9A-548BA4A1D9E2}.Release|Any CPU.Build.0 = Release|Any CPU
		{E8848798-2447-4B2A-8B9A-548BA4A1D9E2}.Release|Mixed Platforms.ActiveCfg = Release|Any CPU
		{E8848798-2447-4B2A-8B9A-548BA4A1D9E2}.Release|Mixed Platforms.Build.0 = Release|Any CPU
		{26423168-F4AC-4A80-B4F8-01930B43477F}.Debug DB Only|.NET.ActiveCfg = Debug|Any CPU
		{26423168-F4AC-4A80-B4F8-01930B43477F}.Debug DB Only|Any CPU.ActiveCfg = Debug|Any CPU
		{26423168-F4AC-4A80-B4F8-01930B43477F}.Debug DB Only|Any CPU.Build.0 = Debug|Any CPU
		{26423168-F4AC-4A80-B4F8-01930B43477F}.Debug DB Only|Mixed Platforms.ActiveCfg = Debug|Any CPU
		{26423168-F4AC-4A80-B4F8-01930B43477F}.Debug DB Only|Mixed Platforms.Build.0 = Debug|Any CPU
		{26423168-F4AC-4A80-B4F8-01930B43477F}.Debug|.NET.ActiveCfg = Debug|Any CPU
		{26423168-F4AC-4A80-B4F8-01930B43477F}.Debug|Any CPU.ActiveCfg = Debug|Any CPU
		{26423168-F4AC-4A80-B4F8-01930B43477F}.Debug|Any CPU.Build.0 = Debug|Any CPU
		{26423168-F4AC-4A80-B4F8-01930B43477F}.Debug|Mixed Platforms.ActiveCfg = Debug|Any CPU
		{26423168-F4AC-4A80-B4F8-01930B43477F}.Debug|Mixed Platforms.Build.0 = Debug|Any CPU
		{26423168-F4AC-4A80-B4F8-01930B43477F}.DebugWithoutInstaller|.NET.ActiveCfg = Debug|Any CPU
		{26423168-F4AC-4A80-B4F8-01930B43477F}.DebugWithoutInstaller|Any CPU.ActiveCfg = Debug|Any CPU
		{26423168-F4AC-4A80-B4F8-01930B43477F}.DebugWithoutInstaller|Any CPU.Build.0 = Debug|Any CPU
		{26423168-F4AC-4A80-B4F8-01930B43477F}.DebugWithoutInstaller|Mixed Platforms.ActiveCfg = Debug|Any CPU
		{26423168-F4AC-4A80-B4F8-01930B43477F}.DebugWithoutInstaller|Mixed Platforms.Build.0 = Debug|Any CPU
		{26423168-F4AC-4A80-B4F8-01930B43477F}.Release|.NET.ActiveCfg = Release|Any CPU
		{26423168-F4AC-4A80-B4F8-01930B43477F}.Release|Any CPU.ActiveCfg = Release|Any CPU
		{26423168-F4AC-4A80-B4F8-01930B43477F}.Release|Any CPU.Build.0 = Release|Any CPU
		{26423168-F4AC-4A80-B4F8-01930B43477F}.Release|Mixed Platforms.ActiveCfg = Release|Any CPU
		{26423168-F4AC-4A80-B4F8-01930B43477F}.Release|Mixed Platforms.Build.0 = Release|Any CPU
		{F929CA6A-87BD-42C8-8D0A-6455DB6F55DC}.Debug DB Only|.NET.ActiveCfg = Debug|Any CPU
		{F929CA6A-87BD-42C8-8D0A-6455DB6F55DC}.Debug DB Only|Any CPU.ActiveCfg = Debug|Any CPU
		{F929CA6A-87BD-42C8-8D0A-6455DB6F55DC}.Debug DB Only|Any CPU.Build.0 = Debug|Any CPU
		{F929CA6A-87BD-42C8-8D0A-6455DB6F55DC}.Debug DB Only|Mixed Platforms.ActiveCfg = Debug|Any CPU
		{F929CA6A-87BD-42C8-8D0A-6455DB6F55DC}.Debug DB Only|Mixed Platforms.Build.0 = Debug|Any CPU
		{F929CA6A-87BD-42C8-8D0A-6455DB6F55DC}.Debug|.NET.ActiveCfg = Debug|Any CPU
		{F929CA6A-87BD-42C8-8D0A-6455DB6F55DC}.Debug|Any CPU.ActiveCfg = Debug|Any CPU
		{F929CA6A-87BD-42C8-8D0A-6455DB6F55DC}.Debug|Any CPU.Build.0 = Debug|Any CPU
		{F929CA6A-87BD-42C8-8D0A-6455DB6F55DC}.Debug|Mixed Platforms.ActiveCfg = Debug|Any CPU
		{F929CA6A-87BD-42C8-8D0A-6455DB6F55DC}.Debug|Mixed Platforms.Build.0 = Debug|Any CPU
		{F929CA6A-87BD-42C8-8D0A-6455DB6F55DC}.DebugWithoutInstaller|.NET.ActiveCfg = Debug|Any CPU
		{F929CA6A-87BD-42C8-8D0A-6455DB6F55DC}.DebugWithoutInstaller|Any CPU.ActiveCfg = Debug|Any CPU
		{F929CA6A-87BD-42C8-8D0A-6455DB6F55DC}.DebugWithoutInstaller|Any CPU.Build.0 = Debug|Any CPU
		{F929CA6A-87BD-42C8-8D0A-6455DB6F55DC}.DebugWithoutInstaller|Mixed Platforms.ActiveCfg = Debug|Any CPU
		{F929CA6A-87BD-42C8-8D0A-6455DB6F55DC}.DebugWithoutInstaller|Mixed Platforms.Build.0 = Debug|Any CPU
		{F929CA6A-87BD-42C8-8D0A-6455DB6F55DC}.Release|.NET.ActiveCfg = Release|Any CPU
		{F929CA6A-87BD-42C8-8D0A-6455DB6F55DC}.Release|Any CPU.ActiveCfg = Release|Any CPU
		{F929CA6A-87BD-42C8-8D0A-6455DB6F55DC}.Release|Any CPU.Build.0 = Release|Any CPU
		{F929CA6A-87BD-42C8-8D0A-6455DB6F55DC}.Release|Mixed Platforms.ActiveCfg = Release|Any CPU
		{F929CA6A-87BD-42C8-8D0A-6455DB6F55DC}.Release|Mixed Platforms.Build.0 = Release|Any CPU
		{3E13D6EE-9245-48B2-8C79-EF46A2308DF9}.Debug DB Only|.NET.ActiveCfg = Debug|Any CPU
		{3E13D6EE-9245-48B2-8C79-EF46A2308DF9}.Debug DB Only|Any CPU.ActiveCfg = Debug|Any CPU
		{3E13D6EE-9245-48B2-8C79-EF46A2308DF9}.Debug DB Only|Any CPU.Build.0 = Debug|Any CPU
		{3E13D6EE-9245-48B2-8C79-EF46A2308DF9}.Debug DB Only|Mixed Platforms.ActiveCfg = Debug|Any CPU
		{3E13D6EE-9245-48B2-8C79-EF46A2308DF9}.Debug DB Only|Mixed Platforms.Build.0 = Debug|Any CPU
		{3E13D6EE-9245-48B2-8C79-EF46A2308DF9}.Debug|.NET.ActiveCfg = Debug|Any CPU
		{3E13D6EE-9245-48B2-8C79-EF46A2308DF9}.Debug|Any CPU.ActiveCfg = Debug|Any CPU
		{3E13D6EE-9245-48B2-8C79-EF46A2308DF9}.Debug|Any CPU.Build.0 = Debug|Any CPU
		{3E13D6EE-9245-48B2-8C79-EF46A2308DF9}.Debug|Mixed Platforms.ActiveCfg = Debug|Any CPU
		{3E13D6EE-9245-48B2-8C79-EF46A2308DF9}.Debug|Mixed Platforms.Build.0 = Debug|Any CPU
		{3E13D6EE-9245-48B2-8C79-EF46A2308DF9}.DebugWithoutInstaller|.NET.ActiveCfg = Debug|Any CPU
		{3E13D6EE-9245-48B2-8C79-EF46A2308DF9}.DebugWithoutInstaller|Any CPU.ActiveCfg = Debug|Any CPU
		{3E13D6EE-9245-48B2-8C79-EF46A2308DF9}.DebugWithoutInstaller|Any CPU.Build.0 = Debug|Any CPU
		{3E13D6EE-9245-48B2-8C79-EF46A2308DF9}.DebugWithoutInstaller|Mixed Platforms.ActiveCfg = Debug|Any CPU
		{3E13D6EE-9245-48B2-8C79-EF46A2308DF9}.DebugWithoutInstaller|Mixed Platforms.Build.0 = Debug|Any CPU
		{3E13D6EE-9245-48B2-8C79-EF46A2308DF9}.Release|.NET.ActiveCfg = Release|Any CPU
		{3E13D6EE-9245-48B2-8C79-EF46A2308DF9}.Release|Any CPU.ActiveCfg = Release|Any CPU
		{3E13D6EE-9245-48B2-8C79-EF46A2308DF9}.Release|Any CPU.Build.0 = Release|Any CPU
		{3E13D6EE-9245-48B2-8C79-EF46A2308DF9}.Release|Mixed Platforms.ActiveCfg = Release|Any CPU
		{3E13D6EE-9245-48B2-8C79-EF46A2308DF9}.Release|Mixed Platforms.Build.0 = Release|Any CPU
		{E7383655-A8EE-4BE3-B3C5-EBC03B594A69}.Debug DB Only|.NET.ActiveCfg = Debug|Any CPU
		{E7383655-A8EE-4BE3-B3C5-EBC03B594A69}.Debug DB Only|Any CPU.ActiveCfg = Debug|Any CPU
		{E7383655-A8EE-4BE3-B3C5-EBC03B594A69}.Debug DB Only|Any CPU.Build.0 = Debug|Any CPU
		{E7383655-A8EE-4BE3-B3C5-EBC03B594A69}.Debug DB Only|Mixed Platforms.ActiveCfg = Debug|Any CPU
		{E7383655-A8EE-4BE3-B3C5-EBC03B594A69}.Debug DB Only|Mixed Platforms.Build.0 = Debug|Any CPU
		{E7383655-A8EE-4BE3-B3C5-EBC03B594A69}.Debug|.NET.ActiveCfg = Debug|Any CPU
		{E7383655-A8EE-4BE3-B3C5-EBC03B594A69}.Debug|Any CPU.ActiveCfg = Debug|Any CPU
		{E7383655-A8EE-4BE3-B3C5-EBC03B594A69}.Debug|Any CPU.Build.0 = Debug|Any CPU
		{E7383655-A8EE-4BE3-B3C5-EBC03B594A69}.Debug|Mixed Platforms.ActiveCfg = Debug|Any CPU
		{E7383655-A8EE-4BE3-B3C5-EBC03B594A69}.Debug|Mixed Platforms.Build.0 = Debug|Any CPU
		{E7383655-A8EE-4BE3-B3C5-EBC03B594A69}.DebugWithoutInstaller|.NET.ActiveCfg = Debug|Any CPU
		{E7383655-A8EE-4BE3-B3C5-EBC03B594A69}.DebugWithoutInstaller|Any CPU.ActiveCfg = Debug|Any CPU
		{E7383655-A8EE-4BE3-B3C5-EBC03B594A69}.DebugWithoutInstaller|Any CPU.Build.0 = Debug|Any CPU
		{E7383655-A8EE-4BE3-B3C5-EBC03B594A69}.DebugWithoutInstaller|Mixed Platforms.ActiveCfg = Debug|Any CPU
		{E7383655-A8EE-4BE3-B3C5-EBC03B594A69}.DebugWithoutInstaller|Mixed Platforms.Build.0 = Debug|Any CPU
		{E7383655-A8EE-4BE3-B3C5-EBC03B594A69}.Release|.NET.ActiveCfg = Release|Any CPU
		{E7383655-A8EE-4BE3-B3C5-EBC03B594A69}.Release|Any CPU.ActiveCfg = Release|Any CPU
		{E7383655-A8EE-4BE3-B3C5-EBC03B594A69}.Release|Any CPU.Build.0 = Release|Any CPU
		{E7383655-A8EE-4BE3-B3C5-EBC03B594A69}.Release|Mixed Platforms.ActiveCfg = Release|Any CPU
		{E7383655-A8EE-4BE3-B3C5-EBC03B594A69}.Release|Mixed Platforms.Build.0 = Release|Any CPU
		{7BE9B617-6E2F-43C4-92F2-2CF453A94288}.Debug DB Only|.NET.ActiveCfg = Debug|.NET
		{7BE9B617-6E2F-43C4-92F2-2CF453A94288}.Debug DB Only|.NET.Build.0 = Debug|.NET
		{7BE9B617-6E2F-43C4-92F2-2CF453A94288}.Debug DB Only|Any CPU.ActiveCfg = Debug|.NET
		{7BE9B617-6E2F-43C4-92F2-2CF453A94288}.Debug DB Only|Mixed Platforms.ActiveCfg = Debug|.NET
		{7BE9B617-6E2F-43C4-92F2-2CF453A94288}.Debug DB Only|Mixed Platforms.Build.0 = Debug|.NET
		{7BE9B617-6E2F-43C4-92F2-2CF453A94288}.Debug|.NET.ActiveCfg = Debug|.NET
		{7BE9B617-6E2F-43C4-92F2-2CF453A94288}.Debug|.NET.Build.0 = Debug|.NET
		{7BE9B617-6E2F-43C4-92F2-2CF453A94288}.Debug|Any CPU.ActiveCfg = Debug|.NET
		{7BE9B617-6E2F-43C4-92F2-2CF453A94288}.Debug|Mixed Platforms.ActiveCfg = Debug|.NET
		{7BE9B617-6E2F-43C4-92F2-2CF453A94288}.Debug|Mixed Platforms.Build.0 = Debug|.NET
		{7BE9B617-6E2F-43C4-92F2-2CF453A94288}.DebugWithoutInstaller|.NET.ActiveCfg = Debug|.NET
		{7BE9B617-6E2F-43C4-92F2-2CF453A94288}.DebugWithoutInstaller|.NET.Build.0 = Debug|.NET
		{7BE9B617-6E2F-43C4-92F2-2CF453A94288}.DebugWithoutInstaller|Any CPU.ActiveCfg = Debug|.NET
		{7BE9B617-6E2F-43C4-92F2-2CF453A94288}.DebugWithoutInstaller|Mixed Platforms.ActiveCfg = Debug|.NET
		{7BE9B617-6E2F-43C4-92F2-2CF453A94288}.DebugWithoutInstaller|Mixed Platforms.Build.0 = Debug|.NET
		{7BE9B617-6E2F-43C4-92F2-2CF453A94288}.Release|.NET.ActiveCfg = Debug|.NET
		{7BE9B617-6E2F-43C4-92F2-2CF453A94288}.Release|.NET.Build.0 = Debug|.NET
		{7BE9B617-6E2F-43C4-92F2-2CF453A94288}.Release|Any CPU.ActiveCfg = Debug|.NET
		{7BE9B617-6E2F-43C4-92F2-2CF453A94288}.Release|Mixed Platforms.ActiveCfg = Debug|.NET
		{7BE9B617-6E2F-43C4-92F2-2CF453A94288}.Release|Mixed Platforms.Build.0 = Debug|.NET
		{F86CC2A5-1C61-49C9-920D-74410D5456D9}.Debug DB Only|.NET.ActiveCfg = Debug
		{F86CC2A5-1C61-49C9-920D-74410D5456D9}.Debug DB Only|Any CPU.ActiveCfg = Debug
		{F86CC2A5-1C61-49C9-920D-74410D5456D9}.Debug DB Only|Mixed Platforms.ActiveCfg = Debug
		{F86CC2A5-1C61-49C9-920D-74410D5456D9}.Debug|.NET.ActiveCfg = Debug
		{F86CC2A5-1C61-49C9-920D-74410D5456D9}.Debug|Any CPU.ActiveCfg = Debug
		{F86CC2A5-1C61-49C9-920D-74410D5456D9}.Debug|Mixed Platforms.ActiveCfg = Debug
		{F86CC2A5-1C61-49C9-920D-74410D5456D9}.Debug|Mixed Platforms.Build.0 = Debug
		{F86CC2A5-1C61-49C9-920D-74410D5456D9}.DebugWithoutInstaller|.NET.ActiveCfg = Debug
		{F86CC2A5-1C61-49C9-920D-74410D5456D9}.DebugWithoutInstaller|Any CPU.ActiveCfg = Debug
		{F86CC2A5-1C61-49C9-920D-74410D5456D9}.DebugWithoutInstaller|Mixed Platforms.ActiveCfg = Debug
		{F86CC2A5-1C61-49C9-920D-74410D5456D9}.Release|.NET.ActiveCfg = Release
		{F86CC2A5-1C61-49C9-920D-74410D5456D9}.Release|Any CPU.ActiveCfg = Release
		{F86CC2A5-1C61-49C9-920D-74410D5456D9}.Release|Mixed Platforms.ActiveCfg = Release
		{0D8AAB60-3E3F-4CB0-8FAA-CDAFD050BDCC}.Debug DB Only|.NET.ActiveCfg = Debug
		{0D8AAB60-3E3F-4CB0-8FAA-CDAFD050BDCC}.Debug DB Only|Any CPU.ActiveCfg = Debug
		{0D8AAB60-3E3F-4CB0-8FAA-CDAFD050BDCC}.Debug DB Only|Mixed Platforms.ActiveCfg = Debug
		{0D8AAB60-3E3F-4CB0-8FAA-CDAFD050BDCC}.Debug|.NET.ActiveCfg = Debug
		{0D8AAB60-3E3F-4CB0-8FAA-CDAFD050BDCC}.Debug|Any CPU.ActiveCfg = Debug
		{0D8AAB60-3E3F-4CB0-8FAA-CDAFD050BDCC}.Debug|Mixed Platforms.ActiveCfg = Debug
		{0D8AAB60-3E3F-4CB0-8FAA-CDAFD050BDCC}.Debug|Mixed Platforms.Build.0 = Debug
		{0D8AAB60-3E3F-4CB0-8FAA-CDAFD050BDCC}.DebugWithoutInstaller|.NET.ActiveCfg = Debug
		{0D8AAB60-3E3F-4CB0-8FAA-CDAFD050BDCC}.DebugWithoutInstaller|Any CPU.ActiveCfg = Debug
		{0D8AAB60-3E3F-4CB0-8FAA-CDAFD050BDCC}.DebugWithoutInstaller|Mixed Platforms.ActiveCfg = Debug
		{0D8AAB60-3E3F-4CB0-8FAA-CDAFD050BDCC}.Release|.NET.ActiveCfg = Release
		{0D8AAB60-3E3F-4CB0-8FAA-CDAFD050BDCC}.Release|Any CPU.ActiveCfg = Release
		{0D8AAB60-3E3F-4CB0-8FAA-CDAFD050BDCC}.Release|Mixed Platforms.ActiveCfg = Release
		{FDD065D7-6E55-4426-91E9-D26A4067337E}.Debug DB Only|.NET.ActiveCfg = Debug|Any CPU
		{FDD065D7-6E55-4426-91E9-D26A4067337E}.Debug DB Only|Any CPU.ActiveCfg = Debug|Any CPU
		{FDD065D7-6E55-4426-91E9-D26A4067337E}.Debug DB Only|Any CPU.Build.0 = Debug|Any CPU
		{FDD065D7-6E55-4426-91E9-D26A4067337E}.Debug DB Only|Mixed Platforms.ActiveCfg = Debug|Any CPU
		{FDD065D7-6E55-4426-91E9-D26A4067337E}.Debug DB Only|Mixed Platforms.Build.0 = Debug|Any CPU
		{FDD065D7-6E55-4426-91E9-D26A4067337E}.Debug|.NET.ActiveCfg = Debug|Any CPU
		{FDD065D7-6E55-4426-91E9-D26A4067337E}.Debug|Any CPU.ActiveCfg = Debug|Any CPU
		{FDD065D7-6E55-4426-91E9-D26A4067337E}.Debug|Any CPU.Build.0 = Debug|Any CPU
		{FDD065D7-6E55-4426-91E9-D26A4067337E}.Debug|Mixed Platforms.ActiveCfg = Debug|Any CPU
		{FDD065D7-6E55-4426-91E9-D26A4067337E}.Debug|Mixed Platforms.Build.0 = Debug|Any CPU
		{FDD065D7-6E55-4426-91E9-D26A4067337E}.DebugWithoutInstaller|.NET.ActiveCfg = Debug|Any CPU
		{FDD065D7-6E55-4426-91E9-D26A4067337E}.DebugWithoutInstaller|Any CPU.ActiveCfg = Debug|Any CPU
		{FDD065D7-6E55-4426-91E9-D26A4067337E}.DebugWithoutInstaller|Any CPU.Build.0 = Debug|Any CPU
		{FDD065D7-6E55-4426-91E9-D26A4067337E}.DebugWithoutInstaller|Mixed Platforms.ActiveCfg = Debug|Any CPU
		{FDD065D7-6E55-4426-91E9-D26A4067337E}.DebugWithoutInstaller|Mixed Platforms.Build.0 = Debug|Any CPU
		{FDD065D7-6E55-4426-91E9-D26A4067337E}.Release|.NET.ActiveCfg = Release|Any CPU
		{FDD065D7-6E55-4426-91E9-D26A4067337E}.Release|Any CPU.ActiveCfg = Release|Any CPU
		{FDD065D7-6E55-4426-91E9-D26A4067337E}.Release|Any CPU.Build.0 = Release|Any CPU
		{FDD065D7-6E55-4426-91E9-D26A4067337E}.Release|Mixed Platforms.ActiveCfg = Release|Any CPU
		{FDD065D7-6E55-4426-91E9-D26A4067337E}.Release|Mixed Platforms.Build.0 = Release|Any CPU
		{23CB5900-6FCA-4E0E-A3A9-5EB2818D19F3}.Debug DB Only|.NET.ActiveCfg = Debug|Any CPU
		{23CB5900-6FCA-4E0E-A3A9-5EB2818D19F3}.Debug DB Only|Any CPU.ActiveCfg = Debug|Any CPU
		{23CB5900-6FCA-4E0E-A3A9-5EB2818D19F3}.Debug DB Only|Any CPU.Build.0 = Debug|Any CPU
		{23CB5900-6FCA-4E0E-A3A9-5EB2818D19F3}.Debug DB Only|Mixed Platforms.ActiveCfg = Debug|Any CPU
		{23CB5900-6FCA-4E0E-A3A9-5EB2818D19F3}.Debug DB Only|Mixed Platforms.Build.0 = Debug|Any CPU
		{23CB5900-6FCA-4E0E-A3A9-5EB2818D19F3}.Debug|.NET.ActiveCfg = Debug|Any CPU
		{23CB5900-6FCA-4E0E-A3A9-5EB2818D19F3}.Debug|Any CPU.ActiveCfg = Debug|Any CPU
		{23CB5900-6FCA-4E0E-A3A9-5EB2818D19F3}.Debug|Any CPU.Build.0 = Debug|Any CPU
		{23CB5900-6FCA-4E0E-A3A9-5EB2818D19F3}.Debug|Mixed Platforms.ActiveCfg = Debug|Any CPU
		{23CB5900-6FCA-4E0E-A3A9-5EB2818D19F3}.Debug|Mixed Platforms.Build.0 = Debug|Any CPU
		{23CB5900-6FCA-4E0E-A3A9-5EB2818D19F3}.DebugWithoutInstaller|.NET.ActiveCfg = Debug|Any CPU
		{23CB5900-6FCA-4E0E-A3A9-5EB2818D19F3}.DebugWithoutInstaller|Any CPU.ActiveCfg = Debug|Any CPU
		{23CB5900-6FCA-4E0E-A3A9-5EB2818D19F3}.DebugWithoutInstaller|Any CPU.Build.0 = Debug|Any CPU
		{23CB5900-6FCA-4E0E-A3A9-5EB2818D19F3}.DebugWithoutInstaller|Mixed Platforms.ActiveCfg = Debug|Any CPU
		{23CB5900-6FCA-4E0E-A3A9-5EB2818D19F3}.DebugWithoutInstaller|Mixed Platforms.Build.0 = Debug|Any CPU
		{23CB5900-6FCA-4E0E-A3A9-5EB2818D19F3}.Release|.NET.ActiveCfg = Release|Any CPU
		{23CB5900-6FCA-4E0E-A3A9-5EB2818D19F3}.Release|Any CPU.ActiveCfg = Release|Any CPU
		{23CB5900-6FCA-4E0E-A3A9-5EB2818D19F3}.Release|Any CPU.Build.0 = Release|Any CPU
		{23CB5900-6FCA-4E0E-A3A9-5EB2818D19F3}.Release|Mixed Platforms.ActiveCfg = Release|Any CPU
		{23CB5900-6FCA-4E0E-A3A9-5EB2818D19F3}.Release|Mixed Platforms.Build.0 = Release|Any CPU
		{381BD5E4-AC18-4DAC-9CF8-9DCED9ADFE2E}.Debug DB Only|.NET.ActiveCfg = Debug|Any CPU
		{381BD5E4-AC18-4DAC-9CF8-9DCED9ADFE2E}.Debug DB Only|Any CPU.ActiveCfg = Debug|Any CPU
		{381BD5E4-AC18-4DAC-9CF8-9DCED9ADFE2E}.Debug DB Only|Any CPU.Build.0 = Debug|Any CPU
		{381BD5E4-AC18-4DAC-9CF8-9DCED9ADFE2E}.Debug DB Only|Mixed Platforms.ActiveCfg = Debug|Any CPU
		{381BD5E4-AC18-4DAC-9CF8-9DCED9ADFE2E}.Debug DB Only|Mixed Platforms.Build.0 = Debug|Any CPU
		{381BD5E4-AC18-4DAC-9CF8-9DCED9ADFE2E}.Debug|.NET.ActiveCfg = Debug|Any CPU
		{381BD5E4-AC18-4DAC-9CF8-9DCED9ADFE2E}.Debug|Any CPU.ActiveCfg = Debug|Any CPU
		{381BD5E4-AC18-4DAC-9CF8-9DCED9ADFE2E}.Debug|Any CPU.Build.0 = Debug|Any CPU
		{381BD5E4-AC18-4DAC-9CF8-9DCED9ADFE2E}.Debug|Mixed Platforms.ActiveCfg = Debug|Any CPU
		{381BD5E4-AC18-4DAC-9CF8-9DCED9ADFE2E}.Debug|Mixed Platforms.Build.0 = Debug|Any CPU
		{381BD5E4-AC18-4DAC-9CF8-9DCED9ADFE2E}.DebugWithoutInstaller|.NET.ActiveCfg = Debug|Any CPU
		{381BD5E4-AC18-4DAC-9CF8-9DCED9ADFE2E}.DebugWithoutInstaller|Any CPU.ActiveCfg = Debug|Any CPU
		{381BD5E4-AC18-4DAC-9CF8-9DCED9ADFE2E}.DebugWithoutInstaller|Any CPU.Build.0 = Debug|Any CPU
		{381BD5E4-AC18-4DAC-9CF8-9DCED9ADFE2E}.DebugWithoutInstaller|Mixed Platforms.ActiveCfg = Debug|Any CPU
		{381BD5E4-AC18-4DAC-9CF8-9DCED9ADFE2E}.DebugWithoutInstaller|Mixed Platforms.Build.0 = Debug|Any CPU
		{381BD5E4-AC18-4DAC-9CF8-9DCED9ADFE2E}.Release|.NET.ActiveCfg = Release|Any CPU
		{381BD5E4-AC18-4DAC-9CF8-9DCED9ADFE2E}.Release|Any CPU.ActiveCfg = Release|Any CPU
		{381BD5E4-AC18-4DAC-9CF8-9DCED9ADFE2E}.Release|Any CPU.Build.0 = Release|Any CPU
		{381BD5E4-AC18-4DAC-9CF8-9DCED9ADFE2E}.Release|Mixed Platforms.ActiveCfg = Release|Any CPU
		{381BD5E4-AC18-4DAC-9CF8-9DCED9ADFE2E}.Release|Mixed Platforms.Build.0 = Release|Any CPU
		{5105DF0A-F3FD-4F84-9CCB-A99B845F4128}.Debug DB Only|.NET.ActiveCfg = Debug|.NET
		{5105DF0A-F3FD-4F84-9CCB-A99B845F4128}.Debug DB Only|.NET.Build.0 = Debug|.NET
		{5105DF0A-F3FD-4F84-9CCB-A99B845F4128}.Debug DB Only|Any CPU.ActiveCfg = Debug|.NET
		{5105DF0A-F3FD-4F84-9CCB-A99B845F4128}.Debug DB Only|Mixed Platforms.ActiveCfg = Debug|.NET
		{5105DF0A-F3FD-4F84-9CCB-A99B845F4128}.Debug DB Only|Mixed Platforms.Build.0 = Debug|.NET
		{5105DF0A-F3FD-4F84-9CCB-A99B845F4128}.Debug|.NET.ActiveCfg = Debug|.NET
		{5105DF0A-F3FD-4F84-9CCB-A99B845F4128}.Debug|.NET.Build.0 = Debug|.NET
		{5105DF0A-F3FD-4F84-9CCB-A99B845F4128}.Debug|Any CPU.ActiveCfg = Debug|.NET
		{5105DF0A-F3FD-4F84-9CCB-A99B845F4128}.Debug|Mixed Platforms.ActiveCfg = Debug|.NET
		{5105DF0A-F3FD-4F84-9CCB-A99B845F4128}.Debug|Mixed Platforms.Build.0 = Debug|.NET
		{5105DF0A-F3FD-4F84-9CCB-A99B845F4128}.DebugWithoutInstaller|.NET.ActiveCfg = Debug|.NET
		{5105DF0A-F3FD-4F84-9CCB-A99B845F4128}.DebugWithoutInstaller|.NET.Build.0 = Debug|.NET
		{5105DF0A-F3FD-4F84-9CCB-A99B845F4128}.DebugWithoutInstaller|Any CPU.ActiveCfg = Debug|.NET
		{5105DF0A-F3FD-4F84-9CCB-A99B845F4128}.DebugWithoutInstaller|Mixed Platforms.ActiveCfg = Debug|.NET
		{5105DF0A-F3FD-4F84-9CCB-A99B845F4128}.DebugWithoutInstaller|Mixed Platforms.Build.0 = Debug|.NET
		{5105DF0A-F3FD-4F84-9CCB-A99B845F4128}.Release|.NET.ActiveCfg = Debug|.NET
		{5105DF0A-F3FD-4F84-9CCB-A99B845F4128}.Release|.NET.Build.0 = Debug|.NET
		{5105DF0A-F3FD-4F84-9CCB-A99B845F4128}.Release|Any CPU.ActiveCfg = Debug|.NET
		{5105DF0A-F3FD-4F84-9CCB-A99B845F4128}.Release|Mixed Platforms.ActiveCfg = Debug|.NET
		{5105DF0A-F3FD-4F84-9CCB-A99B845F4128}.Release|Mixed Platforms.Build.0 = Debug|.NET
		{73639F67-972E-42DA-8A18-D3198A506E02}.Debug DB Only|.NET.ActiveCfg = Debug|Any CPU
		{73639F67-972E-42DA-8A18-D3198A506E02}.Debug DB Only|Any CPU.ActiveCfg = Debug|Any CPU
		{73639F67-972E-42DA-8A18-D3198A506E02}.Debug DB Only|Any CPU.Build.0 = Debug|Any CPU
		{73639F67-972E-42DA-8A18-D3198A506E02}.Debug DB Only|Mixed Platforms.ActiveCfg = Debug|Any CPU
		{73639F67-972E-42DA-8A18-D3198A506E02}.Debug DB Only|Mixed Platforms.Build.0 = Debug|Any CPU
		{73639F67-972E-42DA-8A18-D3198A506E02}.Debug|.NET.ActiveCfg = Debug|Any CPU
		{73639F67-972E-42DA-8A18-D3198A506E02}.Debug|Any CPU.ActiveCfg = Debug|Any CPU
		{73639F67-972E-42DA-8A18-D3198A506E02}.Debug|Any CPU.Build.0 = Debug|Any CPU
		{73639F67-972E-42DA-8A18-D3198A506E02}.Debug|Mixed Platforms.ActiveCfg = Debug|Any CPU
		{73639F67-972E-42DA-8A18-D3198A506E02}.Debug|Mixed Platforms.Build.0 = Debug|Any CPU
		{73639F67-972E-42DA-8A18-D3198A506E02}.DebugWithoutInstaller|.NET.ActiveCfg = Debug|Any CPU
		{73639F67-972E-42DA-8A18-D3198A506E02}.DebugWithoutInstaller|Any CPU.ActiveCfg = Debug|Any CPU
		{73639F67-972E-42DA-8A18-D3198A506E02}.DebugWithoutInstaller|Any CPU.Build.0 = Debug|Any CPU
		{73639F67-972E-42DA-8A18-D3198A506E02}.DebugWithoutInstaller|Mixed Platforms.ActiveCfg = Debug|Any CPU
		{73639F67-972E-42DA-8A18-D3198A506E02}.DebugWithoutInstaller|Mixed Platforms.Build.0 = Debug|Any CPU
		{73639F67-972E-42DA-8A18-D3198A506E02}.Release|.NET.ActiveCfg = Release|Any CPU
		{73639F67-972E-42DA-8A18-D3198A506E02}.Release|Any CPU.ActiveCfg = Release|Any CPU
		{73639F67-972E-42DA-8A18-D3198A506E02}.Release|Any CPU.Build.0 = Release|Any CPU
		{73639F67-972E-42DA-8A18-D3198A506E02}.Release|Mixed Platforms.ActiveCfg = Release|Any CPU
		{73639F67-972E-42DA-8A18-D3198A506E02}.Release|Mixed Platforms.Build.0 = Release|Any CPU
		{06A5EF87-5D39-4010-AE87-A51695B44509}.Debug DB Only|.NET.ActiveCfg = Debug|Any CPU
		{06A5EF87-5D39-4010-AE87-A51695B44509}.Debug DB Only|Any CPU.ActiveCfg = Debug|Any CPU
		{06A5EF87-5D39-4010-AE87-A51695B44509}.Debug DB Only|Any CPU.Build.0 = Debug|Any CPU
		{06A5EF87-5D39-4010-AE87-A51695B44509}.Debug DB Only|Mixed Platforms.ActiveCfg = Debug|Any CPU
		{06A5EF87-5D39-4010-AE87-A51695B44509}.Debug DB Only|Mixed Platforms.Build.0 = Debug|Any CPU
		{06A5EF87-5D39-4010-AE87-A51695B44509}.Debug|.NET.ActiveCfg = Debug|Any CPU
		{06A5EF87-5D39-4010-AE87-A51695B44509}.Debug|Any CPU.ActiveCfg = Debug|Any CPU
		{06A5EF87-5D39-4010-AE87-A51695B44509}.Debug|Any CPU.Build.0 = Debug|Any CPU
		{06A5EF87-5D39-4010-AE87-A51695B44509}.Debug|Mixed Platforms.ActiveCfg = Debug|Any CPU
		{06A5EF87-5D39-4010-AE87-A51695B44509}.Debug|Mixed Platforms.Build.0 = Debug|Any CPU
		{06A5EF87-5D39-4010-AE87-A51695B44509}.DebugWithoutInstaller|.NET.ActiveCfg = Debug|Any CPU
		{06A5EF87-5D39-4010-AE87-A51695B44509}.DebugWithoutInstaller|Any CPU.ActiveCfg = Debug|Any CPU
		{06A5EF87-5D39-4010-AE87-A51695B44509}.DebugWithoutInstaller|Any CPU.Build.0 = Debug|Any CPU
		{06A5EF87-5D39-4010-AE87-A51695B44509}.DebugWithoutInstaller|Mixed Platforms.ActiveCfg = Debug|Any CPU
		{06A5EF87-5D39-4010-AE87-A51695B44509}.DebugWithoutInstaller|Mixed Platforms.Build.0 = Debug|Any CPU
		{06A5EF87-5D39-4010-AE87-A51695B44509}.Release|.NET.ActiveCfg = Release|Any CPU
		{06A5EF87-5D39-4010-AE87-A51695B44509}.Release|Any CPU.ActiveCfg = Release|Any CPU
		{06A5EF87-5D39-4010-AE87-A51695B44509}.Release|Any CPU.Build.0 = Release|Any CPU
		{06A5EF87-5D39-4010-AE87-A51695B44509}.Release|Mixed Platforms.ActiveCfg = Release|Any CPU
		{06A5EF87-5D39-4010-AE87-A51695B44509}.Release|Mixed Platforms.Build.0 = Release|Any CPU
		{414F3FA4-E4C6-4A92-842A-01D203E7F472}.Debug DB Only|.NET.ActiveCfg = Debug|Any CPU
		{414F3FA4-E4C6-4A92-842A-01D203E7F472}.Debug DB Only|Any CPU.ActiveCfg = Debug|Any CPU
		{414F3FA4-E4C6-4A92-842A-01D203E7F472}.Debug DB Only|Any CPU.Build.0 = Debug|Any CPU
		{414F3FA4-E4C6-4A92-842A-01D203E7F472}.Debug DB Only|Mixed Platforms.ActiveCfg = Debug|Any CPU
		{414F3FA4-E4C6-4A92-842A-01D203E7F472}.Debug DB Only|Mixed Platforms.Build.0 = Debug|Any CPU
		{414F3FA4-E4C6-4A92-842A-01D203E7F472}.Debug|.NET.ActiveCfg = Debug|Any CPU
		{414F3FA4-E4C6-4A92-842A-01D203E7F472}.Debug|Any CPU.ActiveCfg = Debug|Any CPU
		{414F3FA4-E4C6-4A92-842A-01D203E7F472}.Debug|Any CPU.Build.0 = Debug|Any CPU
		{414F3FA4-E4C6-4A92-842A-01D203E7F472}.Debug|Mixed Platforms.ActiveCfg = Debug|Any CPU
		{414F3FA4-E4C6-4A92-842A-01D203E7F472}.Debug|Mixed Platforms.Build.0 = Debug|Any CPU
		{414F3FA4-E4C6-4A92-842A-01D203E7F472}.DebugWithoutInstaller|.NET.ActiveCfg = Debug|Any CPU
		{414F3FA4-E4C6-4A92-842A-01D203E7F472}.DebugWithoutInstaller|Any CPU.ActiveCfg = Debug|Any CPU
		{414F3FA4-E4C6-4A92-842A-01D203E7F472}.DebugWithoutInstaller|Any CPU.Build.0 = Debug|Any CPU
		{414F3FA4-E4C6-4A92-842A-01D203E7F472}.DebugWithoutInstaller|Mixed Platforms.ActiveCfg = Debug|Any CPU
		{414F3FA4-E4C6-4A92-842A-01D203E7F472}.DebugWithoutInstaller|Mixed Platforms.Build.0 = Debug|Any CPU
		{414F3FA4-E4C6-4A92-842A-01D203E7F472}.Release|.NET.ActiveCfg = Release|Any CPU
		{414F3FA4-E4C6-4A92-842A-01D203E7F472}.Release|Any CPU.ActiveCfg = Release|Any CPU
		{414F3FA4-E4C6-4A92-842A-01D203E7F472}.Release|Any CPU.Build.0 = Release|Any CPU
		{414F3FA4-E4C6-4A92-842A-01D203E7F472}.Release|Mixed Platforms.ActiveCfg = Release|Any CPU
		{414F3FA4-E4C6-4A92-842A-01D203E7F472}.Release|Mixed Platforms.Build.0 = Release|Any CPU
		{E15C5AF2-4DBC-4FFD-8130-7A78B035CBF2}.Debug DB Only|.NET.ActiveCfg = Debug
		{E15C5AF2-4DBC-4FFD-8130-7A78B035CBF2}.Debug DB Only|Any CPU.ActiveCfg = Debug
		{E15C5AF2-4DBC-4FFD-8130-7A78B035CBF2}.Debug DB Only|Mixed Platforms.ActiveCfg = Debug
		{E15C5AF2-4DBC-4FFD-8130-7A78B035CBF2}.Debug|.NET.ActiveCfg = Debug
		{E15C5AF2-4DBC-4FFD-8130-7A78B035CBF2}.Debug|Any CPU.ActiveCfg = Debug
		{E15C5AF2-4DBC-4FFD-8130-7A78B035CBF2}.Debug|Mixed Platforms.ActiveCfg = Debug
		{E15C5AF2-4DBC-4FFD-8130-7A78B035CBF2}.Debug|Mixed Platforms.Build.0 = Debug
		{E15C5AF2-4DBC-4FFD-8130-7A78B035CBF2}.DebugWithoutInstaller|.NET.ActiveCfg = Debug
		{E15C5AF2-4DBC-4FFD-8130-7A78B035CBF2}.DebugWithoutInstaller|Any CPU.ActiveCfg = Debug
		{E15C5AF2-4DBC-4FFD-8130-7A78B035CBF2}.DebugWithoutInstaller|Mixed Platforms.ActiveCfg = Debug
		{E15C5AF2-4DBC-4FFD-8130-7A78B035CBF2}.Release|.NET.ActiveCfg = Release
		{E15C5AF2-4DBC-4FFD-8130-7A78B035CBF2}.Release|Any CPU.ActiveCfg = Release
		{E15C5AF2-4DBC-4FFD-8130-7A78B035CBF2}.Release|Mixed Platforms.ActiveCfg = Release
		{F5E776DD-FF63-4476-AC4A-C170752E12D2}.Debug DB Only|.NET.ActiveCfg = Debug|.NET
		{F5E776DD-FF63-4476-AC4A-C170752E12D2}.Debug DB Only|.NET.Build.0 = Debug|.NET
		{F5E776DD-FF63-4476-AC4A-C170752E12D2}.Debug DB Only|Any CPU.ActiveCfg = Debug|.NET
		{F5E776DD-FF63-4476-AC4A-C170752E12D2}.Debug DB Only|Mixed Platforms.ActiveCfg = Debug|.NET
		{F5E776DD-FF63-4476-AC4A-C170752E12D2}.Debug DB Only|Mixed Platforms.Build.0 = Debug|.NET
		{F5E776DD-FF63-4476-AC4A-C170752E12D2}.Debug|.NET.ActiveCfg = Debug|.NET
		{F5E776DD-FF63-4476-AC4A-C170752E12D2}.Debug|.NET.Build.0 = Debug|.NET
		{F5E776DD-FF63-4476-AC4A-C170752E12D2}.Debug|Any CPU.ActiveCfg = Debug|.NET
		{F5E776DD-FF63-4476-AC4A-C170752E12D2}.Debug|Mixed Platforms.ActiveCfg = Debug|.NET
		{F5E776DD-FF63-4476-AC4A-C170752E12D2}.Debug|Mixed Platforms.Build.0 = Debug|.NET
		{F5E776DD-FF63-4476-AC4A-C170752E12D2}.DebugWithoutInstaller|.NET.ActiveCfg = Debug|.NET
		{F5E776DD-FF63-4476-AC4A-C170752E12D2}.DebugWithoutInstaller|.NET.Build.0 = Debug|.NET
		{F5E776DD-FF63-4476-AC4A-C170752E12D2}.DebugWithoutInstaller|Any CPU.ActiveCfg = Debug|.NET
		{F5E776DD-FF63-4476-AC4A-C170752E12D2}.DebugWithoutInstaller|Mixed Platforms.ActiveCfg = Debug|.NET
		{F5E776DD-FF63-4476-AC4A-C170752E12D2}.DebugWithoutInstaller|Mixed Platforms.Build.0 = Debug|.NET
		{F5E776DD-FF63-4476-AC4A-C170752E12D2}.Release|.NET.ActiveCfg = Debug|.NET
		{F5E776DD-FF63-4476-AC4A-C170752E12D2}.Release|.NET.Build.0 = Debug|.NET
		{F5E776DD-FF63-4476-AC4A-C170752E12D2}.Release|Any CPU.ActiveCfg = Debug|.NET
		{F5E776DD-FF63-4476-AC4A-C170752E12D2}.Release|Mixed Platforms.ActiveCfg = Debug|.NET
		{F5E776DD-FF63-4476-AC4A-C170752E12D2}.Release|Mixed Platforms.Build.0 = Debug|.NET
		{1CE508ED-2C2F-421E-AFC7-A6257364F0E3}.Debug DB Only|.NET.ActiveCfg = Debug|.NET
		{1CE508ED-2C2F-421E-AFC7-A6257364F0E3}.Debug DB Only|.NET.Build.0 = Debug|.NET
		{1CE508ED-2C2F-421E-AFC7-A6257364F0E3}.Debug DB Only|Any CPU.ActiveCfg = Debug|.NET
		{1CE508ED-2C2F-421E-AFC7-A6257364F0E3}.Debug DB Only|Mixed Platforms.ActiveCfg = Debug|.NET
		{1CE508ED-2C2F-421E-AFC7-A6257364F0E3}.Debug DB Only|Mixed Platforms.Build.0 = Debug|.NET
		{1CE508ED-2C2F-421E-AFC7-A6257364F0E3}.Debug|.NET.ActiveCfg = Debug|.NET
		{1CE508ED-2C2F-421E-AFC7-A6257364F0E3}.Debug|.NET.Build.0 = Debug|.NET
		{1CE508ED-2C2F-421E-AFC7-A6257364F0E3}.Debug|Any CPU.ActiveCfg = Debug|.NET
		{1CE508ED-2C2F-421E-AFC7-A6257364F0E3}.Debug|Mixed Platforms.ActiveCfg = Debug|.NET
		{1CE508ED-2C2F-421E-AFC7-A6257364F0E3}.Debug|Mixed Platforms.Build.0 = Debug|.NET
		{1CE508ED-2C2F-421E-AFC7-A6257364F0E3}.DebugWithoutInstaller|.NET.ActiveCfg = Debug|.NET
		{1CE508ED-2C2F-421E-AFC7-A6257364F0E3}.DebugWithoutInstaller|.NET.Build.0 = Debug|.NET
		{1CE508ED-2C2F-421E-AFC7-A6257364F0E3}.DebugWithoutInstaller|Any CPU.ActiveCfg = Debug|.NET
		{1CE508ED-2C2F-421E-AFC7-A6257364F0E3}.DebugWithoutInstaller|Mixed Platforms.ActiveCfg = Debug|.NET
		{1CE508ED-2C2F-421E-AFC7-A6257364F0E3}.DebugWithoutInstaller|Mixed Platforms.Build.0 = Debug|.NET
		{1CE508ED-2C2F-421E-AFC7-A6257364F0E3}.Release|.NET.ActiveCfg = Debug|.NET
		{1CE508ED-2C2F-421E-AFC7-A6257364F0E3}.Release|.NET.Build.0 = Debug|.NET
		{1CE508ED-2C2F-421E-AFC7-A6257364F0E3}.Release|Any CPU.ActiveCfg = Debug|.NET
		{1CE508ED-2C2F-421E-AFC7-A6257364F0E3}.Release|Mixed Platforms.ActiveCfg = Debug|.NET
		{1CE508ED-2C2F-421E-AFC7-A6257364F0E3}.Release|Mixed Platforms.Build.0 = Debug|.NET
		{B0C6A1A2-9F7F-41D5-B279-AC91A0FA37B8}.Debug DB Only|.NET.ActiveCfg = Debug|Any CPU
		{B0C6A1A2-9F7F-41D5-B279-AC91A0FA37B8}.Debug DB Only|Any CPU.ActiveCfg = Debug|Any CPU
		{B0C6A1A2-9F7F-41D5-B279-AC91A0FA37B8}.Debug DB Only|Any CPU.Build.0 = Debug|Any CPU
		{B0C6A1A2-9F7F-41D5-B279-AC91A0FA37B8}.Debug DB Only|Mixed Platforms.ActiveCfg = Debug|Any CPU
		{B0C6A1A2-9F7F-41D5-B279-AC91A0FA37B8}.Debug DB Only|Mixed Platforms.Build.0 = Debug|Any CPU
		{B0C6A1A2-9F7F-41D5-B279-AC91A0FA37B8}.Debug|.NET.ActiveCfg = Debug|Any CPU
		{B0C6A1A2-9F7F-41D5-B279-AC91A0FA37B8}.Debug|Any CPU.ActiveCfg = Debug|Any CPU
		{B0C6A1A2-9F7F-41D5-B279-AC91A0FA37B8}.Debug|Any CPU.Build.0 = Debug|Any CPU
		{B0C6A1A2-9F7F-41D5-B279-AC91A0FA37B8}.Debug|Mixed Platforms.ActiveCfg = Debug|Any CPU
		{B0C6A1A2-9F7F-41D5-B279-AC91A0FA37B8}.Debug|Mixed Platforms.Build.0 = Debug|Any CPU
		{B0C6A1A2-9F7F-41D5-B279-AC91A0FA37B8}.DebugWithoutInstaller|.NET.ActiveCfg = Debug|Any CPU
		{B0C6A1A2-9F7F-41D5-B279-AC91A0FA37B8}.DebugWithoutInstaller|Any CPU.ActiveCfg = Debug|Any CPU
		{B0C6A1A2-9F7F-41D5-B279-AC91A0FA37B8}.DebugWithoutInstaller|Any CPU.Build.0 = Debug|Any CPU
		{B0C6A1A2-9F7F-41D5-B279-AC91A0FA37B8}.DebugWithoutInstaller|Mixed Platforms.ActiveCfg = Debug|Any CPU
		{B0C6A1A2-9F7F-41D5-B279-AC91A0FA37B8}.DebugWithoutInstaller|Mixed Platforms.Build.0 = Debug|Any CPU
		{B0C6A1A2-9F7F-41D5-B279-AC91A0FA37B8}.Release|.NET.ActiveCfg = Release|Any CPU
		{B0C6A1A2-9F7F-41D5-B279-AC91A0FA37B8}.Release|Any CPU.ActiveCfg = Release|Any CPU
		{B0C6A1A2-9F7F-41D5-B279-AC91A0FA37B8}.Release|Any CPU.Build.0 = Release|Any CPU
		{B0C6A1A2-9F7F-41D5-B279-AC91A0FA37B8}.Release|Mixed Platforms.ActiveCfg = Release|Any CPU
		{B0C6A1A2-9F7F-41D5-B279-AC91A0FA37B8}.Release|Mixed Platforms.Build.0 = Release|Any CPU
		{2CE1E9AB-E890-471D-8BA1-58164787B4AB}.Debug DB Only|.NET.ActiveCfg = Debug|Any CPU
		{2CE1E9AB-E890-471D-8BA1-58164787B4AB}.Debug DB Only|Any CPU.ActiveCfg = Debug|Any CPU
		{2CE1E9AB-E890-471D-8BA1-58164787B4AB}.Debug DB Only|Any CPU.Build.0 = Debug|Any CPU
		{2CE1E9AB-E890-471D-8BA1-58164787B4AB}.Debug DB Only|Mixed Platforms.ActiveCfg = Debug|Any CPU
		{2CE1E9AB-E890-471D-8BA1-58164787B4AB}.Debug DB Only|Mixed Platforms.Build.0 = Debug|Any CPU
		{2CE1E9AB-E890-471D-8BA1-58164787B4AB}.Debug|.NET.ActiveCfg = Debug|Any CPU
		{2CE1E9AB-E890-471D-8BA1-58164787B4AB}.Debug|Any CPU.ActiveCfg = Debug|Any CPU
		{2CE1E9AB-E890-471D-8BA1-58164787B4AB}.Debug|Any CPU.Build.0 = Debug|Any CPU
		{2CE1E9AB-E890-471D-8BA1-58164787B4AB}.Debug|Mixed Platforms.ActiveCfg = Debug|Any CPU
		{2CE1E9AB-E890-471D-8BA1-58164787B4AB}.Debug|Mixed Platforms.Build.0 = Debug|Any CPU
		{2CE1E9AB-E890-471D-8BA1-58164787B4AB}.DebugWithoutInstaller|.NET.ActiveCfg = Debug|Any CPU
		{2CE1E9AB-E890-471D-8BA1-58164787B4AB}.DebugWithoutInstaller|Any CPU.ActiveCfg = Debug|Any CPU
		{2CE1E9AB-E890-471D-8BA1-58164787B4AB}.DebugWithoutInstaller|Any CPU.Build.0 = Debug|Any CPU
		{2CE1E9AB-E890-471D-8BA1-58164787B4AB}.DebugWithoutInstaller|Mixed Platforms.ActiveCfg = Debug|Any CPU
		{2CE1E9AB-E890-471D-8BA1-58164787B4AB}.DebugWithoutInstaller|Mixed Platforms.Build.0 = Debug|Any CPU
		{2CE1E9AB-E890-471D-8BA1-58164787B4AB}.Release|.NET.ActiveCfg = Release|Any CPU
		{2CE1E9AB-E890-471D-8BA1-58164787B4AB}.Release|Any CPU.ActiveCfg = Release|Any CPU
		{2CE1E9AB-E890-471D-8BA1-58164787B4AB}.Release|Any CPU.Build.0 = Release|Any CPU
		{2CE1E9AB-E890-471D-8BA1-58164787B4AB}.Release|Mixed Platforms.ActiveCfg = Release|Any CPU
		{2CE1E9AB-E890-471D-8BA1-58164787B4AB}.Release|Mixed Platforms.Build.0 = Release|Any CPU
		{506BA56E-7FB6-4C52-B9D0-E365B3EAA216}.Debug DB Only|.NET.ActiveCfg = Debug|Any CPU
		{506BA56E-7FB6-4C52-B9D0-E365B3EAA216}.Debug DB Only|Any CPU.ActiveCfg = Debug|Any CPU
		{506BA56E-7FB6-4C52-B9D0-E365B3EAA216}.Debug DB Only|Any CPU.Build.0 = Debug|Any CPU
		{506BA56E-7FB6-4C52-B9D0-E365B3EAA216}.Debug DB Only|Mixed Platforms.ActiveCfg = Debug|Any CPU
		{506BA56E-7FB6-4C52-B9D0-E365B3EAA216}.Debug DB Only|Mixed Platforms.Build.0 = Debug|Any CPU
		{506BA56E-7FB6-4C52-B9D0-E365B3EAA216}.Debug|.NET.ActiveCfg = Debug|Any CPU
		{506BA56E-7FB6-4C52-B9D0-E365B3EAA216}.Debug|Any CPU.ActiveCfg = Debug|Any CPU
		{506BA56E-7FB6-4C52-B9D0-E365B3EAA216}.Debug|Any CPU.Build.0 = Debug|Any CPU
		{506BA56E-7FB6-4C52-B9D0-E365B3EAA216}.Debug|Mixed Platforms.ActiveCfg = Debug|Any CPU
		{506BA56E-7FB6-4C52-B9D0-E365B3EAA216}.Debug|Mixed Platforms.Build.0 = Debug|Any CPU
		{506BA56E-7FB6-4C52-B9D0-E365B3EAA216}.DebugWithoutInstaller|.NET.ActiveCfg = Debug|Any CPU
		{506BA56E-7FB6-4C52-B9D0-E365B3EAA216}.DebugWithoutInstaller|Any CPU.ActiveCfg = Debug|Any CPU
		{506BA56E-7FB6-4C52-B9D0-E365B3EAA216}.DebugWithoutInstaller|Any CPU.Build.0 = Debug|Any CPU
		{506BA56E-7FB6-4C52-B9D0-E365B3EAA216}.DebugWithoutInstaller|Mixed Platforms.ActiveCfg = Debug|Any CPU
		{506BA56E-7FB6-4C52-B9D0-E365B3EAA216}.DebugWithoutInstaller|Mixed Platforms.Build.0 = Debug|Any CPU
		{506BA56E-7FB6-4C52-B9D0-E365B3EAA216}.Release|.NET.ActiveCfg = Release|Any CPU
		{506BA56E-7FB6-4C52-B9D0-E365B3EAA216}.Release|Any CPU.ActiveCfg = Release|Any CPU
		{506BA56E-7FB6-4C52-B9D0-E365B3EAA216}.Release|Any CPU.Build.0 = Release|Any CPU
		{506BA56E-7FB6-4C52-B9D0-E365B3EAA216}.Release|Mixed Platforms.ActiveCfg = Release|Any CPU
		{506BA56E-7FB6-4C52-B9D0-E365B3EAA216}.Release|Mixed Platforms.Build.0 = Release|Any CPU
		{28B76D29-A288-4A12-9096-8DAA7A353AEA}.Debug DB Only|.NET.ActiveCfg = Debug|Any CPU
		{28B76D29-A288-4A12-9096-8DAA7A353AEA}.Debug DB Only|Any CPU.ActiveCfg = Debug|Any CPU
		{28B76D29-A288-4A12-9096-8DAA7A353AEA}.Debug DB Only|Any CPU.Build.0 = Debug|Any CPU
		{28B76D29-A288-4A12-9096-8DAA7A353AEA}.Debug DB Only|Mixed Platforms.ActiveCfg = Debug|Any CPU
		{28B76D29-A288-4A12-9096-8DAA7A353AEA}.Debug DB Only|Mixed Platforms.Build.0 = Debug|Any CPU
		{28B76D29-A288-4A12-9096-8DAA7A353AEA}.Debug|.NET.ActiveCfg = Debug|Any CPU
		{28B76D29-A288-4A12-9096-8DAA7A353AEA}.Debug|Any CPU.ActiveCfg = Debug|Any CPU
		{28B76D29-A288-4A12-9096-8DAA7A353AEA}.Debug|Any CPU.Build.0 = Debug|Any CPU
		{28B76D29-A288-4A12-9096-8DAA7A353AEA}.Debug|Mixed Platforms.ActiveCfg = Debug|Any CPU
		{28B76D29-A288-4A12-9096-8DAA7A353AEA}.Debug|Mixed Platforms.Build.0 = Debug|Any CPU
		{28B76D29-A288-4A12-9096-8DAA7A353AEA}.DebugWithoutInstaller|.NET.ActiveCfg = Debug|Any CPU
		{28B76D29-A288-4A12-9096-8DAA7A353AEA}.DebugWithoutInstaller|Any CPU.ActiveCfg = Debug|Any CPU
		{28B76D29-A288-4A12-9096-8DAA7A353AEA}.DebugWithoutInstaller|Any CPU.Build.0 = Debug|Any CPU
		{28B76D29-A288-4A12-9096-8DAA7A353AEA}.DebugWithoutInstaller|Mixed Platforms.ActiveCfg = Debug|Any CPU
		{28B76D29-A288-4A12-9096-8DAA7A353AEA}.DebugWithoutInstaller|Mixed Platforms.Build.0 = Debug|Any CPU
		{28B76D29-A288-4A12-9096-8DAA7A353AEA}.Release|.NET.ActiveCfg = Release|Any CPU
		{28B76D29-A288-4A12-9096-8DAA7A353AEA}.Release|Any CPU.ActiveCfg = Release|Any CPU
		{28B76D29-A288-4A12-9096-8DAA7A353AEA}.Release|Any CPU.Build.0 = Release|Any CPU
		{28B76D29-A288-4A12-9096-8DAA7A353AEA}.Release|Mixed Platforms.ActiveCfg = Release|Any CPU
		{28B76D29-A288-4A12-9096-8DAA7A353AEA}.Release|Mixed Platforms.Build.0 = Release|Any CPU
		{90EFA82A-236E-422D-B78A-19E9BA84784E}.Debug DB Only|.NET.ActiveCfg = Debug|Any CPU
		{90EFA82A-236E-422D-B78A-19E9BA84784E}.Debug DB Only|Any CPU.ActiveCfg = Debug|Any CPU
		{90EFA82A-236E-422D-B78A-19E9BA84784E}.Debug DB Only|Any CPU.Build.0 = Debug|Any CPU
		{90EFA82A-236E-422D-B78A-19E9BA84784E}.Debug DB Only|Mixed Platforms.ActiveCfg = Debug|Any CPU
		{90EFA82A-236E-422D-B78A-19E9BA84784E}.Debug DB Only|Mixed Platforms.Build.0 = Debug|Any CPU
		{90EFA82A-236E-422D-B78A-19E9BA84784E}.Debug|.NET.ActiveCfg = Debug|Any CPU
		{90EFA82A-236E-422D-B78A-19E9BA84784E}.Debug|Any CPU.ActiveCfg = Debug|Any CPU
		{90EFA82A-236E-422D-B78A-19E9BA84784E}.Debug|Any CPU.Build.0 = Debug|Any CPU
		{90EFA82A-236E-422D-B78A-19E9BA84784E}.Debug|Mixed Platforms.ActiveCfg = Debug|Any CPU
		{90EFA82A-236E-422D-B78A-19E9BA84784E}.Debug|Mixed Platforms.Build.0 = Debug|Any CPU
		{90EFA82A-236E-422D-B78A-19E9BA84784E}.DebugWithoutInstaller|.NET.ActiveCfg = Debug|Any CPU
		{90EFA82A-236E-422D-B78A-19E9BA84784E}.DebugWithoutInstaller|Any CPU.ActiveCfg = Debug|Any CPU
		{90EFA82A-236E-422D-B78A-19E9BA84784E}.DebugWithoutInstaller|Any CPU.Build.0 = Debug|Any CPU
		{90EFA82A-236E-422D-B78A-19E9BA84784E}.DebugWithoutInstaller|Mixed Platforms.ActiveCfg = Debug|Any CPU
		{90EFA82A-236E-422D-B78A-19E9BA84784E}.DebugWithoutInstaller|Mixed Platforms.Build.0 = Debug|Any CPU
		{90EFA82A-236E-422D-B78A-19E9BA84784E}.Release|.NET.ActiveCfg = Release|Any CPU
		{90EFA82A-236E-422D-B78A-19E9BA84784E}.Release|Any CPU.ActiveCfg = Release|Any CPU
		{90EFA82A-236E-422D-B78A-19E9BA84784E}.Release|Any CPU.Build.0 = Release|Any CPU
		{90EFA82A-236E-422D-B78A-19E9BA84784E}.Release|Mixed Platforms.ActiveCfg = Release|Any CPU
		{90EFA82A-236E-422D-B78A-19E9BA84784E}.Release|Mixed Platforms.Build.0 = Release|Any CPU
		{8E930BD9-F90E-442B-A671-2857677014E2}.Debug DB Only|.NET.ActiveCfg = Debug|Any CPU
		{8E930BD9-F90E-442B-A671-2857677014E2}.Debug DB Only|Any CPU.ActiveCfg = Debug|Any CPU
		{8E930BD9-F90E-442B-A671-2857677014E2}.Debug DB Only|Any CPU.Build.0 = Debug|Any CPU
		{8E930BD9-F90E-442B-A671-2857677014E2}.Debug DB Only|Mixed Platforms.ActiveCfg = Debug|Any CPU
		{8E930BD9-F90E-442B-A671-2857677014E2}.Debug DB Only|Mixed Platforms.Build.0 = Debug|Any CPU
		{8E930BD9-F90E-442B-A671-2857677014E2}.Debug|.NET.ActiveCfg = Debug|Any CPU
		{8E930BD9-F90E-442B-A671-2857677014E2}.Debug|Any CPU.ActiveCfg = Debug|Any CPU
		{8E930BD9-F90E-442B-A671-2857677014E2}.Debug|Any CPU.Build.0 = Debug|Any CPU
		{8E930BD9-F90E-442B-A671-2857677014E2}.Debug|Mixed Platforms.ActiveCfg = Debug|Any CPU
		{8E930BD9-F90E-442B-A671-2857677014E2}.Debug|Mixed Platforms.Build.0 = Debug|Any CPU
		{8E930BD9-F90E-442B-A671-2857677014E2}.DebugWithoutInstaller|.NET.ActiveCfg = Debug|Any CPU
		{8E930BD9-F90E-442B-A671-2857677014E2}.DebugWithoutInstaller|Any CPU.ActiveCfg = Debug|Any CPU
		{8E930BD9-F90E-442B-A671-2857677014E2}.DebugWithoutInstaller|Any CPU.Build.0 = Debug|Any CPU
		{8E930BD9-F90E-442B-A671-2857677014E2}.DebugWithoutInstaller|Mixed Platforms.ActiveCfg = Debug|Any CPU
		{8E930BD9-F90E-442B-A671-2857677014E2}.DebugWithoutInstaller|Mixed Platforms.Build.0 = Debug|Any CPU
		{8E930BD9-F90E-442B-A671-2857677014E2}.Release|.NET.ActiveCfg = Release|Any CPU
		{8E930BD9-F90E-442B-A671-2857677014E2}.Release|Any CPU.ActiveCfg = Release|Any CPU
		{8E930BD9-F90E-442B-A671-2857677014E2}.Release|Any CPU.Build.0 = Release|Any CPU
		{8E930BD9-F90E-442B-A671-2857677014E2}.Release|Mixed Platforms.ActiveCfg = Release|Any CPU
		{8E930BD9-F90E-442B-A671-2857677014E2}.Release|Mixed Platforms.Build.0 = Release|Any CPU
		{85D20A7F-C121-4242-998B-35D196E77F87}.Debug DB Only|.NET.ActiveCfg = Debug|Any CPU
		{85D20A7F-C121-4242-998B-35D196E77F87}.Debug DB Only|Any CPU.ActiveCfg = Debug|Any CPU
		{85D20A7F-C121-4242-998B-35D196E77F87}.Debug DB Only|Any CPU.Build.0 = Debug|Any CPU
		{85D20A7F-C121-4242-998B-35D196E77F87}.Debug DB Only|Mixed Platforms.ActiveCfg = Debug|Any CPU
		{85D20A7F-C121-4242-998B-35D196E77F87}.Debug DB Only|Mixed Platforms.Build.0 = Debug|Any CPU
		{85D20A7F-C121-4242-998B-35D196E77F87}.Debug|.NET.ActiveCfg = Debug|Any CPU
		{85D20A7F-C121-4242-998B-35D196E77F87}.Debug|Any CPU.ActiveCfg = Debug|Any CPU
		{85D20A7F-C121-4242-998B-35D196E77F87}.Debug|Any CPU.Build.0 = Debug|Any CPU
		{85D20A7F-C121-4242-998B-35D196E77F87}.Debug|Mixed Platforms.ActiveCfg = Debug|Any CPU
		{85D20A7F-C121-4242-998B-35D196E77F87}.Debug|Mixed Platforms.Build.0 = Debug|Any CPU
		{85D20A7F-C121-4242-998B-35D196E77F87}.DebugWithoutInstaller|.NET.ActiveCfg = Debug|Any CPU
		{85D20A7F-C121-4242-998B-35D196E77F87}.DebugWithoutInstaller|Any CPU.ActiveCfg = Debug|Any CPU
		{85D20A7F-C121-4242-998B-35D196E77F87}.DebugWithoutInstaller|Any CPU.Build.0 = Debug|Any CPU
		{85D20A7F-C121-4242-998B-35D196E77F87}.DebugWithoutInstaller|Mixed Platforms.ActiveCfg = Debug|Any CPU
		{85D20A7F-C121-4242-998B-35D196E77F87}.DebugWithoutInstaller|Mixed Platforms.Build.0 = Debug|Any CPU
		{85D20A7F-C121-4242-998B-35D196E77F87}.Release|.NET.ActiveCfg = Release|Any CPU
		{85D20A7F-C121-4242-998B-35D196E77F87}.Release|Any CPU.ActiveCfg = Release|Any CPU
		{85D20A7F-C121-4242-998B-35D196E77F87}.Release|Any CPU.Build.0 = Release|Any CPU
		{85D20A7F-C121-4242-998B-35D196E77F87}.Release|Mixed Platforms.ActiveCfg = Release|Any CPU
		{85D20A7F-C121-4242-998B-35D196E77F87}.Release|Mixed Platforms.Build.0 = Release|Any CPU
		{C7652C3B-9F08-4020-B665-E1AA6137E148}.Debug DB Only|.NET.ActiveCfg = Debug|Any CPU
		{C7652C3B-9F08-4020-B665-E1AA6137E148}.Debug DB Only|Any CPU.ActiveCfg = Debug|Any CPU
		{C7652C3B-9F08-4020-B665-E1AA6137E148}.Debug DB Only|Any CPU.Build.0 = Debug|Any CPU
		{C7652C3B-9F08-4020-B665-E1AA6137E148}.Debug DB Only|Mixed Platforms.ActiveCfg = Debug|Any CPU
		{C7652C3B-9F08-4020-B665-E1AA6137E148}.Debug DB Only|Mixed Platforms.Build.0 = Debug|Any CPU
		{C7652C3B-9F08-4020-B665-E1AA6137E148}.Debug|.NET.ActiveCfg = Debug|Any CPU
		{C7652C3B-9F08-4020-B665-E1AA6137E148}.Debug|Any CPU.ActiveCfg = Debug|Any CPU
		{C7652C3B-9F08-4020-B665-E1AA6137E148}.Debug|Any CPU.Build.0 = Debug|Any CPU
		{C7652C3B-9F08-4020-B665-E1AA6137E148}.Debug|Mixed Platforms.ActiveCfg = Debug|Any CPU
		{C7652C3B-9F08-4020-B665-E1AA6137E148}.Debug|Mixed Platforms.Build.0 = Debug|Any CPU
		{C7652C3B-9F08-4020-B665-E1AA6137E148}.DebugWithoutInstaller|.NET.ActiveCfg = Debug|Any CPU
		{C7652C3B-9F08-4020-B665-E1AA6137E148}.DebugWithoutInstaller|Any CPU.ActiveCfg = Debug|Any CPU
		{C7652C3B-9F08-4020-B665-E1AA6137E148}.DebugWithoutInstaller|Any CPU.Build.0 = Debug|Any CPU
		{C7652C3B-9F08-4020-B665-E1AA6137E148}.DebugWithoutInstaller|Mixed Platforms.ActiveCfg = Debug|Any CPU
		{C7652C3B-9F08-4020-B665-E1AA6137E148}.DebugWithoutInstaller|Mixed Platforms.Build.0 = Debug|Any CPU
		{C7652C3B-9F08-4020-B665-E1AA6137E148}.Release|.NET.ActiveCfg = Release|Any CPU
		{C7652C3B-9F08-4020-B665-E1AA6137E148}.Release|Any CPU.ActiveCfg = Release|Any CPU
		{C7652C3B-9F08-4020-B665-E1AA6137E148}.Release|Any CPU.Build.0 = Release|Any CPU
		{C7652C3B-9F08-4020-B665-E1AA6137E148}.Release|Mixed Platforms.ActiveCfg = Release|Any CPU
		{C7652C3B-9F08-4020-B665-E1AA6137E148}.Release|Mixed Platforms.Build.0 = Release|Any CPU
		{E98F16D8-FA57-4C08-A0E4-5BC1A0E66DC8}.Debug DB Only|.NET.ActiveCfg = Debug|Any CPU
		{E98F16D8-FA57-4C08-A0E4-5BC1A0E66DC8}.Debug DB Only|Any CPU.ActiveCfg = Debug|Any CPU
		{E98F16D8-FA57-4C08-A0E4-5BC1A0E66DC8}.Debug DB Only|Any CPU.Build.0 = Debug|Any CPU
		{E98F16D8-FA57-4C08-A0E4-5BC1A0E66DC8}.Debug DB Only|Mixed Platforms.ActiveCfg = Debug|Any CPU
		{E98F16D8-FA57-4C08-A0E4-5BC1A0E66DC8}.Debug DB Only|Mixed Platforms.Build.0 = Debug|Any CPU
		{E98F16D8-FA57-4C08-A0E4-5BC1A0E66DC8}.Debug|.NET.ActiveCfg = Debug|Any CPU
		{E98F16D8-FA57-4C08-A0E4-5BC1A0E66DC8}.Debug|Any CPU.ActiveCfg = Debug|Any CPU
		{E98F16D8-FA57-4C08-A0E4-5BC1A0E66DC8}.Debug|Any CPU.Build.0 = Debug|Any CPU
		{E98F16D8-FA57-4C08-A0E4-5BC1A0E66DC8}.Debug|Mixed Platforms.ActiveCfg = Debug|Any CPU
		{E98F16D8-FA57-4C08-A0E4-5BC1A0E66DC8}.Debug|Mixed Platforms.Build.0 = Debug|Any CPU
		{E98F16D8-FA57-4C08-A0E4-5BC1A0E66DC8}.DebugWithoutInstaller|.NET.ActiveCfg = Debug|Any CPU
		{E98F16D8-FA57-4C08-A0E4-5BC1A0E66DC8}.DebugWithoutInstaller|Any CPU.ActiveCfg = Debug|Any CPU
		{E98F16D8-FA57-4C08-A0E4-5BC1A0E66DC8}.DebugWithoutInstaller|Any CPU.Build.0 = Debug|Any CPU
		{E98F16D8-FA57-4C08-A0E4-5BC1A0E66DC8}.DebugWithoutInstaller|Mixed Platforms.ActiveCfg = Debug|Any CPU
		{E98F16D8-FA57-4C08-A0E4-5BC1A0E66DC8}.DebugWithoutInstaller|Mixed Platforms.Build.0 = Debug|Any CPU
		{E98F16D8-FA57-4C08-A0E4-5BC1A0E66DC8}.Release|.NET.ActiveCfg = Release|Any CPU
		{E98F16D8-FA57-4C08-A0E4-5BC1A0E66DC8}.Release|Any CPU.ActiveCfg = Release|Any CPU
		{E98F16D8-FA57-4C08-A0E4-5BC1A0E66DC8}.Release|Any CPU.Build.0 = Release|Any CPU
		{E98F16D8-FA57-4C08-A0E4-5BC1A0E66DC8}.Release|Mixed Platforms.ActiveCfg = Release|Any CPU
		{E98F16D8-FA57-4C08-A0E4-5BC1A0E66DC8}.Release|Mixed Platforms.Build.0 = Release|Any CPU
		{CF4C70EC-A850-4483-864E-E3E9C262A41B}.Debug DB Only|.NET.ActiveCfg = Debug|.NET
		{CF4C70EC-A850-4483-864E-E3E9C262A41B}.Debug DB Only|.NET.Build.0 = Debug|.NET
		{CF4C70EC-A850-4483-864E-E3E9C262A41B}.Debug DB Only|Any CPU.ActiveCfg = Debug|.NET
		{CF4C70EC-A850-4483-864E-E3E9C262A41B}.Debug DB Only|Mixed Platforms.ActiveCfg = Debug|.NET
		{CF4C70EC-A850-4483-864E-E3E9C262A41B}.Debug DB Only|Mixed Platforms.Build.0 = Debug|.NET
		{CF4C70EC-A850-4483-864E-E3E9C262A41B}.Debug|.NET.ActiveCfg = Debug|.NET
		{CF4C70EC-A850-4483-864E-E3E9C262A41B}.Debug|.NET.Build.0 = Debug|.NET
		{CF4C70EC-A850-4483-864E-E3E9C262A41B}.Debug|Any CPU.ActiveCfg = Debug|.NET
		{CF4C70EC-A850-4483-864E-E3E9C262A41B}.Debug|Mixed Platforms.ActiveCfg = Debug|.NET
		{CF4C70EC-A850-4483-864E-E3E9C262A41B}.Debug|Mixed Platforms.Build.0 = Debug|.NET
		{CF4C70EC-A850-4483-864E-E3E9C262A41B}.DebugWithoutInstaller|.NET.ActiveCfg = Debug|.NET
		{CF4C70EC-A850-4483-864E-E3E9C262A41B}.DebugWithoutInstaller|.NET.Build.0 = Debug|.NET
		{CF4C70EC-A850-4483-864E-E3E9C262A41B}.DebugWithoutInstaller|Any CPU.ActiveCfg = Debug|.NET
		{CF4C70EC-A850-4483-864E-E3E9C262A41B}.DebugWithoutInstaller|Mixed Platforms.ActiveCfg = Debug|.NET
		{CF4C70EC-A850-4483-864E-E3E9C262A41B}.DebugWithoutInstaller|Mixed Platforms.Build.0 = Debug|.NET
		{CF4C70EC-A850-4483-864E-E3E9C262A41B}.Release|.NET.ActiveCfg = Debug|.NET
		{CF4C70EC-A850-4483-864E-E3E9C262A41B}.Release|.NET.Build.0 = Debug|.NET
		{CF4C70EC-A850-4483-864E-E3E9C262A41B}.Release|Any CPU.ActiveCfg = Debug|.NET
		{CF4C70EC-A850-4483-864E-E3E9C262A41B}.Release|Mixed Platforms.ActiveCfg = Debug|.NET
		{CF4C70EC-A850-4483-864E-E3E9C262A41B}.Release|Mixed Platforms.Build.0 = Debug|.NET
		{8548211A-3870-475C-A7D2-CFC9CF22AD4F}.Debug DB Only|.NET.ActiveCfg = Debug|Any CPU
		{8548211A-3870-475C-A7D2-CFC9CF22AD4F}.Debug DB Only|Any CPU.ActiveCfg = Debug|Any CPU
		{8548211A-3870-475C-A7D2-CFC9CF22AD4F}.Debug DB Only|Any CPU.Build.0 = Debug|Any CPU
		{8548211A-3870-475C-A7D2-CFC9CF22AD4F}.Debug DB Only|Mixed Platforms.ActiveCfg = Debug|Any CPU
		{8548211A-3870-475C-A7D2-CFC9CF22AD4F}.Debug DB Only|Mixed Platforms.Build.0 = Debug|Any CPU
		{8548211A-3870-475C-A7D2-CFC9CF22AD4F}.Debug|.NET.ActiveCfg = Debug|Any CPU
		{8548211A-3870-475C-A7D2-CFC9CF22AD4F}.Debug|Any CPU.ActiveCfg = Debug|Any CPU
		{8548211A-3870-475C-A7D2-CFC9CF22AD4F}.Debug|Any CPU.Build.0 = Debug|Any CPU
		{8548211A-3870-475C-A7D2-CFC9CF22AD4F}.Debug|Mixed Platforms.ActiveCfg = Debug|Any CPU
		{8548211A-3870-475C-A7D2-CFC9CF22AD4F}.Debug|Mixed Platforms.Build.0 = Debug|Any CPU
		{8548211A-3870-475C-A7D2-CFC9CF22AD4F}.DebugWithoutInstaller|.NET.ActiveCfg = Debug|Any CPU
		{8548211A-3870-475C-A7D2-CFC9CF22AD4F}.DebugWithoutInstaller|Any CPU.ActiveCfg = Debug|Any CPU
		{8548211A-3870-475C-A7D2-CFC9CF22AD4F}.DebugWithoutInstaller|Any CPU.Build.0 = Debug|Any CPU
		{8548211A-3870-475C-A7D2-CFC9CF22AD4F}.DebugWithoutInstaller|Mixed Platforms.ActiveCfg = Debug|Any CPU
		{8548211A-3870-475C-A7D2-CFC9CF22AD4F}.DebugWithoutInstaller|Mixed Platforms.Build.0 = Debug|Any CPU
		{8548211A-3870-475C-A7D2-CFC9CF22AD4F}.Release|.NET.ActiveCfg = Release|Any CPU
		{8548211A-3870-475C-A7D2-CFC9CF22AD4F}.Release|Any CPU.ActiveCfg = Release|Any CPU
		{8548211A-3870-475C-A7D2-CFC9CF22AD4F}.Release|Any CPU.Build.0 = Release|Any CPU
		{8548211A-3870-475C-A7D2-CFC9CF22AD4F}.Release|Mixed Platforms.ActiveCfg = Release|Any CPU
		{8548211A-3870-475C-A7D2-CFC9CF22AD4F}.Release|Mixed Platforms.Build.0 = Release|Any CPU
		{E98F16D8-FA57-4C08-A0E4-5BC1A0E66DC8}.Debug DB Only|.NET.Build.0 = Debug DB Only|.NET
		{E98F16D8-FA57-4C08-A0E4-5BC1A0E66DC8}.Debug|.NET.Build.0 = Debug|.NET
		{E98F16D8-FA57-4C08-A0E4-5BC1A0E66DC8}.DebugWithoutInstaller|.NET.Build.0 = DebugWithoutInstaller|.NET
		{E98F16D8-FA57-4C08-A0E4-5BC1A0E66DC8}.Release|.NET.Build.0 = Release|.NET
		{C7652C3B-9F08-4020-B665-E1AA6137E148}.Debug DB Only|.NET.Build.0 = Debug DB Only|.NET
		{C7652C3B-9F08-4020-B665-E1AA6137E148}.Debug|.NET.Build.0 = Debug|.NET
		{C7652C3B-9F08-4020-B665-E1AA6137E148}.DebugWithoutInstaller|.NET.Build.0 = DebugWithoutInstaller|.NET
		{C7652C3B-9F08-4020-B665-E1AA6137E148}.Release|.NET.Build.0 = Release|.NET
		{85D20A7F-C121-4242-998B-35D196E77F87}.Debug DB Only|.NET.Build.0 = Debug DB Only|.NET
		{85D20A7F-C121-4242-998B-35D196E77F87}.Debug|.NET.Build.0 = Debug|.NET
		{85D20A7F-C121-4242-998B-35D196E77F87}.DebugWithoutInstaller|.NET.Build.0 = DebugWithoutInstaller|.NET
		{85D20A7F-C121-4242-998B-35D196E77F87}.Release|.NET.Build.0 = Release|.NET
		{8E930BD9-F90E-442B-A671-2857677014E2}.Debug DB Only|.NET.Build.0 = Debug DB Only|.NET
		{8E930BD9-F90E-442B-A671-2857677014E2}.Debug|.NET.Build.0 = Debug|.NET
		{8E930BD9-F90E-442B-A671-2857677014E2}.DebugWithoutInstaller|.NET.Build.0 = DebugWithoutInstaller|.NET
		{8E930BD9-F90E-442B-A671-2857677014E2}.Release|.NET.Build.0 = Release|.NET
		{90EFA82A-236E-422D-B78A-19E9BA84784E}.Debug DB Only|.NET.Build.0 = Debug DB Only|.NET
		{90EFA82A-236E-422D-B78A-19E9BA84784E}.Debug|.NET.Build.0 = Debug|.NET
		{90EFA82A-236E-422D-B78A-19E9BA84784E}.DebugWithoutInstaller|.NET.Build.0 = DebugWithoutInstaller|.NET
		{90EFA82A-236E-422D-B78A-19E9BA84784E}.Release|.NET.Build.0 = Release|.NET
		{28B76D29-A288-4A12-9096-8DAA7A353AEA}.Debug DB Only|.NET.Build.0 = Debug DB Only|.NET
		{28B76D29-A288-4A12-9096-8DAA7A353AEA}.Debug|.NET.Build.0 = Debug|.NET
		{28B76D29-A288-4A12-9096-8DAA7A353AEA}.DebugWithoutInstaller|.NET.Build.0 = DebugWithoutInstaller|.NET
		{28B76D29-A288-4A12-9096-8DAA7A353AEA}.Release|.NET.Build.0 = Release|.NET
		{CF4C70EC-A850-4483-864E-E3E9C262A41B}.Debug DB Only|Any CPU.Build.0 = Debug DB Only|Any CPU
		{CF4C70EC-A850-4483-864E-E3E9C262A41B}.Debug|Any CPU.Build.0 = Debug|Any CPU
		{CF4C70EC-A850-4483-864E-E3E9C262A41B}.DebugWithoutInstaller|Any CPU.Build.0 = DebugWithoutInstaller|Any CPU
		{CF4C70EC-A850-4483-864E-E3E9C262A41B}.Release|Any CPU.Build.0 = Release|Any CPU
		{7BE9B617-6E2F-43C4-92F2-2CF453A94288}.Debug DB Only|Any CPU.Build.0 = Debug DB Only|Any CPU
		{7BE9B617-6E2F-43C4-92F2-2CF453A94288}.Debug|Any CPU.Build.0 = Debug|Any CPU
		{7BE9B617-6E2F-43C4-92F2-2CF453A94288}.DebugWithoutInstaller|Any CPU.Build.0 = DebugWithoutInstaller|Any CPU
		{7BE9B617-6E2F-43C4-92F2-2CF453A94288}.Release|Any CPU.Build.0 = Release|Any CPU
		{381BD5E4-AC18-4DAC-9CF8-9DCED9ADFE2E}.Debug DB Only|.NET.Build.0 = Debug DB Only|.NET
		{381BD5E4-AC18-4DAC-9CF8-9DCED9ADFE2E}.Debug|.NET.Build.0 = Debug|.NET
		{381BD5E4-AC18-4DAC-9CF8-9DCED9ADFE2E}.DebugWithoutInstaller|.NET.Build.0 = DebugWithoutInstaller|.NET
		{381BD5E4-AC18-4DAC-9CF8-9DCED9ADFE2E}.Release|.NET.Build.0 = Release|.NET
		{3E13D6EE-9245-48B2-8C79-EF46A2308DF9}.Debug DB Only|.NET.Build.0 = Debug DB Only|.NET
		{3E13D6EE-9245-48B2-8C79-EF46A2308DF9}.Debug|.NET.Build.0 = Debug|.NET
		{3E13D6EE-9245-48B2-8C79-EF46A2308DF9}.DebugWithoutInstaller|.NET.Build.0 = DebugWithoutInstaller|.NET
		{3E13D6EE-9245-48B2-8C79-EF46A2308DF9}.Release|.NET.Build.0 = Release|.NET
		{F929CA6A-87BD-42C8-8D0A-6455DB6F55DC}.Debug DB Only|.NET.Build.0 = Debug DB Only|.NET
		{F929CA6A-87BD-42C8-8D0A-6455DB6F55DC}.Debug|.NET.Build.0 = Debug|.NET
		{F929CA6A-87BD-42C8-8D0A-6455DB6F55DC}.DebugWithoutInstaller|.NET.Build.0 = DebugWithoutInstaller|.NET
		{F929CA6A-87BD-42C8-8D0A-6455DB6F55DC}.Release|.NET.Build.0 = Release|.NET
		{26423168-F4AC-4A80-B4F8-01930B43477F}.Debug DB Only|.NET.Build.0 = Debug DB Only|.NET
		{26423168-F4AC-4A80-B4F8-01930B43477F}.Debug|.NET.Build.0 = Debug|.NET
		{26423168-F4AC-4A80-B4F8-01930B43477F}.DebugWithoutInstaller|.NET.Build.0 = DebugWithoutInstaller|.NET
		{26423168-F4AC-4A80-B4F8-01930B43477F}.Release|.NET.Build.0 = Release|.NET
		{E8848798-2447-4B2A-8B9A-548BA4A1D9E2}.Debug DB Only|.NET.Build.0 = Debug DB Only|.NET
		{E8848798-2447-4B2A-8B9A-548BA4A1D9E2}.Debug|.NET.Build.0 = Debug|.NET
		{E8848798-2447-4B2A-8B9A-548BA4A1D9E2}.DebugWithoutInstaller|.NET.Build.0 = DebugWithoutInstaller|.NET
		{E8848798-2447-4B2A-8B9A-548BA4A1D9E2}.Release|.NET.Build.0 = Release|.NET
		{4DFEF69A-B146-4B78-909D-CB8B2A29E329}.Debug DB Only|.NET.Build.0 = Debug DB Only|.NET
		{4DFEF69A-B146-4B78-909D-CB8B2A29E329}.Debug|.NET.Build.0 = Debug|.NET
		{4DFEF69A-B146-4B78-909D-CB8B2A29E329}.DebugWithoutInstaller|.NET.Build.0 = DebugWithoutInstaller|.NET
		{4DFEF69A-B146-4B78-909D-CB8B2A29E329}.Release|.NET.Build.0 = Release|.NET
		{B0C6A1A2-9F7F-41D5-B279-AC91A0FA37B8}.Debug DB Only|.NET.Build.0 = Debug DB Only|.NET
		{B0C6A1A2-9F7F-41D5-B279-AC91A0FA37B8}.Debug|.NET.Build.0 = Debug|.NET
		{B0C6A1A2-9F7F-41D5-B279-AC91A0FA37B8}.DebugWithoutInstaller|.NET.Build.0 = DebugWithoutInstaller|.NET
		{B0C6A1A2-9F7F-41D5-B279-AC91A0FA37B8}.Release|.NET.Build.0 = Release|.NET
		{7C929C53-F5FE-43C1-AE27-42D804BFDB0D}.Debug DB Only|.NET.Build.0 = Debug DB Only|.NET
		{7C929C53-F5FE-43C1-AE27-42D804BFDB0D}.Debug|.NET.Build.0 = Debug|.NET
		{7C929C53-F5FE-43C1-AE27-42D804BFDB0D}.DebugWithoutInstaller|.NET.Build.0 = DebugWithoutInstaller|.NET
		{7C929C53-F5FE-43C1-AE27-42D804BFDB0D}.Release|.NET.Build.0 = Release|.NET
		{03737D58-BF20-4510-847A-2E2BBBC0A6BA}.Debug DB Only|.NET.Build.0 = Debug DB Only|.NET
		{03737D58-BF20-4510-847A-2E2BBBC0A6BA}.Debug|.NET.Build.0 = Debug|.NET
		{03737D58-BF20-4510-847A-2E2BBBC0A6BA}.DebugWithoutInstaller|.NET.Build.0 = DebugWithoutInstaller|.NET
		{03737D58-BF20-4510-847A-2E2BBBC0A6BA}.Release|.NET.Build.0 = Release|.NET
		{1EDA6189-6195-492C-8B2F-609DDCD95FF3}.Debug DB Only|.NET.Build.0 = Debug DB Only|.NET
		{1EDA6189-6195-492C-8B2F-609DDCD95FF3}.Debug|.NET.Build.0 = Debug|.NET
		{1EDA6189-6195-492C-8B2F-609DDCD95FF3}.DebugWithoutInstaller|.NET.Build.0 = DebugWithoutInstaller|.NET
		{1EDA6189-6195-492C-8B2F-609DDCD95FF3}.Release|.NET.Build.0 = Release|.NET
		{E45340CA-AA2B-4256-88FB-428AA28EEF3F}.Debug DB Only|.NET.Build.0 = Debug DB Only|.NET
		{E45340CA-AA2B-4256-88FB-428AA28EEF3F}.Debug|.NET.Build.0 = Debug|.NET
		{E45340CA-AA2B-4256-88FB-428AA28EEF3F}.DebugWithoutInstaller|.NET.Build.0 = DebugWithoutInstaller|.NET
		{E45340CA-AA2B-4256-88FB-428AA28EEF3F}.Release|.NET.Build.0 = Release|.NET
		{7E31C002-96F3-4500-8A94-17CA32115B7F}.Debug DB Only|.NET.Build.0 = Debug DB Only|.NET
		{7E31C002-96F3-4500-8A94-17CA32115B7F}.Debug|.NET.Build.0 = Debug|.NET
		{7E31C002-96F3-4500-8A94-17CA32115B7F}.DebugWithoutInstaller|.NET.Build.0 = DebugWithoutInstaller|.NET
		{7E31C002-96F3-4500-8A94-17CA32115B7F}.Release|.NET.Build.0 = Release|.NET
		{8548211A-3870-475C-A7D2-CFC9CF22AD4F}.Debug DB Only|.NET.Build.0 = Debug DB Only|.NET
		{8548211A-3870-475C-A7D2-CFC9CF22AD4F}.Debug|.NET.Build.0 = Debug|.NET
		{8548211A-3870-475C-A7D2-CFC9CF22AD4F}.DebugWithoutInstaller|.NET.Build.0 = DebugWithoutInstaller|.NET
		{8548211A-3870-475C-A7D2-CFC9CF22AD4F}.Release|.NET.Build.0 = Release|.NET
		{2CE1E9AB-E890-471D-8BA1-58164787B4AB}.Debug DB Only|.NET.Build.0 = Debug DB Only|.NET
		{2CE1E9AB-E890-471D-8BA1-58164787B4AB}.Debug|.NET.Build.0 = Debug|.NET
		{2CE1E9AB-E890-471D-8BA1-58164787B4AB}.DebugWithoutInstaller|.NET.Build.0 = DebugWithoutInstaller|.NET
		{2CE1E9AB-E890-471D-8BA1-58164787B4AB}.Release|.NET.Build.0 = Release|.NET
		{414F3FA4-E4C6-4A92-842A-01D203E7F472}.Debug DB Only|.NET.Build.0 = Debug DB Only|.NET
		{414F3FA4-E4C6-4A92-842A-01D203E7F472}.Debug|.NET.Build.0 = Debug|.NET
		{414F3FA4-E4C6-4A92-842A-01D203E7F472}.DebugWithoutInstaller|.NET.Build.0 = DebugWithoutInstaller|.NET
		{414F3FA4-E4C6-4A92-842A-01D203E7F472}.Release|.NET.Build.0 = Release|.NET
		{23CB5900-6FCA-4E0E-A3A9-5EB2818D19F3}.Debug DB Only|.NET.Build.0 = Debug DB Only|.NET
		{23CB5900-6FCA-4E0E-A3A9-5EB2818D19F3}.Debug|.NET.Build.0 = Debug|.NET
		{23CB5900-6FCA-4E0E-A3A9-5EB2818D19F3}.DebugWithoutInstaller|.NET.Build.0 = DebugWithoutInstaller|.NET
		{23CB5900-6FCA-4E0E-A3A9-5EB2818D19F3}.Release|.NET.Build.0 = Release|.NET
		{FDD065D7-6E55-4426-91E9-D26A4067337E}.Debug DB Only|.NET.Build.0 = Debug DB Only|.NET
		{FDD065D7-6E55-4426-91E9-D26A4067337E}.Debug|.NET.Build.0 = Debug|.NET
		{FDD065D7-6E55-4426-91E9-D26A4067337E}.DebugWithoutInstaller|.NET.Build.0 = DebugWithoutInstaller|.NET
		{FDD065D7-6E55-4426-91E9-D26A4067337E}.Release|.NET.Build.0 = Release|.NET
		{1CE508ED-2C2F-421E-AFC7-A6257364F0E3}.Debug DB Only|Any CPU.Build.0 = Debug DB Only|Any CPU
		{1CE508ED-2C2F-421E-AFC7-A6257364F0E3}.Debug|Any CPU.Build.0 = Debug|Any CPU
		{1CE508ED-2C2F-421E-AFC7-A6257364F0E3}.DebugWithoutInstaller|Any CPU.Build.0 = DebugWithoutInstaller|Any CPU
		{1CE508ED-2C2F-421E-AFC7-A6257364F0E3}.Release|Any CPU.Build.0 = Release|Any CPU
		{F5E776DD-FF63-4476-AC4A-C170752E12D2}.Debug DB Only|Any CPU.Build.0 = Debug DB Only|Any CPU
		{F5E776DD-FF63-4476-AC4A-C170752E12D2}.Debug|Any CPU.Build.0 = Debug|Any CPU
		{F5E776DD-FF63-4476-AC4A-C170752E12D2}.DebugWithoutInstaller|Any CPU.Build.0 = DebugWithoutInstaller|Any CPU
		{F5E776DD-FF63-4476-AC4A-C170752E12D2}.Release|Any CPU.Build.0 = Release|Any CPU
		{5105DF0A-F3FD-4F84-9CCB-A99B845F4128}.Debug DB Only|Any CPU.Build.0 = Debug DB Only|Any CPU
		{5105DF0A-F3FD-4F84-9CCB-A99B845F4128}.Debug|Any CPU.Build.0 = Debug|Any CPU
		{5105DF0A-F3FD-4F84-9CCB-A99B845F4128}.DebugWithoutInstaller|Any CPU.Build.0 = DebugWithoutInstaller|Any CPU
		{5105DF0A-F3FD-4F84-9CCB-A99B845F4128}.Release|Any CPU.Build.0 = Release|Any CPU
		{E15C5AF2-4DBC-4FFD-8130-7A78B035CBF2}.Debug DB Only|.NET.Build.0 = Debug DB Only|.NET
		{E15C5AF2-4DBC-4FFD-8130-7A78B035CBF2}.Debug DB Only|Any CPU.Build.0 = Debug DB Only|Any CPU
		{E15C5AF2-4DBC-4FFD-8130-7A78B035CBF2}.Debug DB Only|Mixed Platforms.Build.0 = Debug DB Only|Mixed Platforms
		{E15C5AF2-4DBC-4FFD-8130-7A78B035CBF2}.Debug|.NET.Build.0 = Debug|.NET
		{E15C5AF2-4DBC-4FFD-8130-7A78B035CBF2}.Debug|Any CPU.Build.0 = Debug|Any CPU
		{E15C5AF2-4DBC-4FFD-8130-7A78B035CBF2}.DebugWithoutInstaller|.NET.Build.0 = DebugWithoutInstaller|.NET
		{E15C5AF2-4DBC-4FFD-8130-7A78B035CBF2}.DebugWithoutInstaller|Any CPU.Build.0 = DebugWithoutInstaller|Any CPU
		{E15C5AF2-4DBC-4FFD-8130-7A78B035CBF2}.DebugWithoutInstaller|Mixed Platforms.Build.0 = DebugWithoutInstaller|Mixed Platforms
		{E15C5AF2-4DBC-4FFD-8130-7A78B035CBF2}.Release|.NET.Build.0 = Release|.NET
		{E15C5AF2-4DBC-4FFD-8130-7A78B035CBF2}.Release|Any CPU.Build.0 = Release|Any CPU
		{E15C5AF2-4DBC-4FFD-8130-7A78B035CBF2}.Release|Mixed Platforms.Build.0 = Release|Mixed Platforms
		{0D8AAB60-3E3F-4CB0-8FAA-CDAFD050BDCC}.Debug DB Only|.NET.Build.0 = Debug DB Only|.NET
		{0D8AAB60-3E3F-4CB0-8FAA-CDAFD050BDCC}.Debug DB Only|Any CPU.Build.0 = Debug DB Only|Any CPU
		{0D8AAB60-3E3F-4CB0-8FAA-CDAFD050BDCC}.Debug DB Only|Mixed Platforms.Build.0 = Debug DB Only|Mixed Platforms
		{0D8AAB60-3E3F-4CB0-8FAA-CDAFD050BDCC}.Debug|.NET.Build.0 = Debug|.NET
		{0D8AAB60-3E3F-4CB0-8FAA-CDAFD050BDCC}.Debug|Any CPU.Build.0 = Debug|Any CPU
		{0D8AAB60-3E3F-4CB0-8FAA-CDAFD050BDCC}.DebugWithoutInstaller|.NET.Build.0 = DebugWithoutInstaller|.NET
		{0D8AAB60-3E3F-4CB0-8FAA-CDAFD050BDCC}.DebugWithoutInstaller|Any CPU.Build.0 = DebugWithoutInstaller|Any CPU
		{0D8AAB60-3E3F-4CB0-8FAA-CDAFD050BDCC}.DebugWithoutInstaller|Mixed Platforms.Build.0 = DebugWithoutInstaller|Mixed Platforms
		{0D8AAB60-3E3F-4CB0-8FAA-CDAFD050BDCC}.Release|.NET.Build.0 = Release|.NET
		{0D8AAB60-3E3F-4CB0-8FAA-CDAFD050BDCC}.Release|Any CPU.Build.0 = Release|Any CPU
		{0D8AAB60-3E3F-4CB0-8FAA-CDAFD050BDCC}.Release|Mixed Platforms.Build.0 = Release|Mixed Platforms
		{F86CC2A5-1C61-49C9-920D-74410D5456D9}.Debug DB Only|.NET.Build.0 = Debug DB Only|.NET
		{F86CC2A5-1C61-49C9-920D-74410D5456D9}.Debug DB Only|Any CPU.Build.0 = Debug DB Only|Any CPU
		{F86CC2A5-1C61-49C9-920D-74410D5456D9}.Debug DB Only|Mixed Platforms.Build.0 = Debug DB Only|Mixed Platforms
		{F86CC2A5-1C61-49C9-920D-74410D5456D9}.Debug|.NET.Build.0 = Debug|.NET
		{F86CC2A5-1C61-49C9-920D-74410D5456D9}.Debug|Any CPU.Build.0 = Debug|Any CPU
		{F86CC2A5-1C61-49C9-920D-74410D5456D9}.DebugWithoutInstaller|.NET.Build.0 = DebugWithoutInstaller|.NET
		{F86CC2A5-1C61-49C9-920D-74410D5456D9}.DebugWithoutInstaller|Any CPU.Build.0 = DebugWithoutInstaller|Any CPU
		{F86CC2A5-1C61-49C9-920D-74410D5456D9}.DebugWithoutInstaller|Mixed Platforms.Build.0 = DebugWithoutInstaller|Mixed Platforms
		{F86CC2A5-1C61-49C9-920D-74410D5456D9}.Release|.NET.Build.0 = Release|.NET
		{F86CC2A5-1C61-49C9-920D-74410D5456D9}.Release|Any CPU.Build.0 = Release|Any CPU
		{F86CC2A5-1C61-49C9-920D-74410D5456D9}.Release|Mixed Platforms.Build.0 = Release|Mixed Platforms
		{506BA56E-7FB6-4C52-B9D0-E365B3EAA216}.Debug DB Only|.NET.Build.0 = Debug DB Only|.NET
		{506BA56E-7FB6-4C52-B9D0-E365B3EAA216}.Debug|.NET.Build.0 = Debug|.NET
		{506BA56E-7FB6-4C52-B9D0-E365B3EAA216}.DebugWithoutInstaller|.NET.Build.0 = DebugWithoutInstaller|.NET
		{506BA56E-7FB6-4C52-B9D0-E365B3EAA216}.Release|.NET.Build.0 = Release|.NET
		{06A5EF87-5D39-4010-AE87-A51695B44509}.Debug DB Only|.NET.Build.0 = Debug DB Only|.NET
		{06A5EF87-5D39-4010-AE87-A51695B44509}.Debug|.NET.Build.0 = Debug|.NET
		{06A5EF87-5D39-4010-AE87-A51695B44509}.DebugWithoutInstaller|.NET.Build.0 = DebugWithoutInstaller|.NET
		{06A5EF87-5D39-4010-AE87-A51695B44509}.Release|.NET.Build.0 = Release|.NET
		{73639F67-972E-42DA-8A18-D3198A506E02}.Debug DB Only|.NET.Build.0 = Debug DB Only|.NET
		{73639F67-972E-42DA-8A18-D3198A506E02}.Debug|.NET.Build.0 = Debug|.NET
		{73639F67-972E-42DA-8A18-D3198A506E02}.DebugWithoutInstaller|.NET.Build.0 = DebugWithoutInstaller|.NET
		{73639F67-972E-42DA-8A18-D3198A506E02}.Release|.NET.Build.0 = Release|.NET
		{E7383655-A8EE-4BE3-B3C5-EBC03B594A69}.Debug DB Only|.NET.Build.0 = Debug DB Only|.NET
		{E7383655-A8EE-4BE3-B3C5-EBC03B594A69}.Debug|.NET.Build.0 = Debug|.NET
		{E7383655-A8EE-4BE3-B3C5-EBC03B594A69}.DebugWithoutInstaller|.NET.Build.0 = DebugWithoutInstaller|.NET
		{E7383655-A8EE-4BE3-B3C5-EBC03B594A69}.Release|.NET.Build.0 = Release|.NET
		{E46315E1-C9A4-4208-B56C-CF4E0828593E}.Debug DB Only|.NET.Build.0 = Debug DB Only|.NET
		{E46315E1-C9A4-4208-B56C-CF4E0828593E}.Debug DB Only|Mixed Platforms.Build.0 = Debug DB Only|Mixed Platforms
		{E46315E1-C9A4-4208-B56C-CF4E0828593E}.Debug|.NET.Build.0 = Debug|.NET
		{E46315E1-C9A4-4208-B56C-CF4E0828593E}.DebugWithoutInstaller|.NET.Build.0 = DebugWithoutInstaller|.NET
		{E46315E1-C9A4-4208-B56C-CF4E0828593E}.Release|.NET.Build.0 = Release|.NET
		{1FD7A2F6-70F8-4F79-A1EE-EBF9189053E4}.Debug DB Only|.NET.Build.0 = Debug DB Only|.NET
		{1FD7A2F6-70F8-4F79-A1EE-EBF9189053E4}.Debug DB Only|Mixed Platforms.Build.0 = Debug DB Only|Mixed Platforms
		{1FD7A2F6-70F8-4F79-A1EE-EBF9189053E4}.Debug|.NET.Build.0 = Debug|.NET
		{1FD7A2F6-70F8-4F79-A1EE-EBF9189053E4}.DebugWithoutInstaller|.NET.Build.0 = DebugWithoutInstaller|.NET
		{1FD7A2F6-70F8-4F79-A1EE-EBF9189053E4}.Release|.NET.Build.0 = Release|.NET
	EndGlobalSection
	GlobalSection(SolutionProperties) = preSolution
		HideSolutionNode = FALSE
	EndGlobalSection
	GlobalSection(NestedProjects) = preSolution
		{506BA56E-7FB6-4C52-B9D0-E365B3EAA216} = {8088B654-9E72-4AAF-84DB-7AC47960C148}
		{06A5EF87-5D39-4010-AE87-A51695B44509} = {8088B654-9E72-4AAF-84DB-7AC47960C148}
		{73639F67-972E-42DA-8A18-D3198A506E02} = {8088B654-9E72-4AAF-84DB-7AC47960C148}
		{E7383655-A8EE-4BE3-B3C5-EBC03B594A69} = {8088B654-9E72-4AAF-84DB-7AC47960C148}
		{E15C5AF2-4DBC-4FFD-8130-7A78B035CBF2} = {9EECDAA8-3485-454C-9F69-FF6F032FE06A}
		{0D8AAB60-3E3F-4CB0-8FAA-CDAFD050BDCC} = {9EECDAA8-3485-454C-9F69-FF6F032FE06A}
		{F86CC2A5-1C61-49C9-920D-74410D5456D9} = {9EECDAA8-3485-454C-9F69-FF6F032FE06A}
		{1CE508ED-2C2F-421E-AFC7-A6257364F0E3} = {BF179546-B84A-459F-9D75-3E4002C6FD68}
		{F5E776DD-FF63-4476-AC4A-C170752E12D2} = {BF179546-B84A-459F-9D75-3E4002C6FD68}
		{5105DF0A-F3FD-4F84-9CCB-A99B845F4128} = {BF179546-B84A-459F-9D75-3E4002C6FD68}
		{8548211A-3870-475C-A7D2-CFC9CF22AD4F} = {92819733-F070-4E53-AE94-955127CD5920}
		{2CE1E9AB-E890-471D-8BA1-58164787B4AB} = {92819733-F070-4E53-AE94-955127CD5920}
		{414F3FA4-E4C6-4A92-842A-01D203E7F472} = {92819733-F070-4E53-AE94-955127CD5920}
		{23CB5900-6FCA-4E0E-A3A9-5EB2818D19F3} = {92819733-F070-4E53-AE94-955127CD5920}
		{FDD065D7-6E55-4426-91E9-D26A4067337E} = {92819733-F070-4E53-AE94-955127CD5920}
		{B0C6A1A2-9F7F-41D5-B279-AC91A0FA37B8} = {CD23E820-4A5B-4733-9537-A142ED4F3B2A}
		{7C929C53-F5FE-43C1-AE27-42D804BFDB0D} = {CD23E820-4A5B-4733-9537-A142ED4F3B2A}
		{03737D58-BF20-4510-847A-2E2BBBC0A6BA} = {CD23E820-4A5B-4733-9537-A142ED4F3B2A}
		{1EDA6189-6195-492C-8B2F-609DDCD95FF3} = {CD23E820-4A5B-4733-9537-A142ED4F3B2A}
		{E45340CA-AA2B-4256-88FB-428AA28EEF3F} = {CD23E820-4A5B-4733-9537-A142ED4F3B2A}
		{7E31C002-96F3-4500-8A94-17CA32115B7F} = {CD23E820-4A5B-4733-9537-A142ED4F3B2A}
		{3E13D6EE-9245-48B2-8C79-EF46A2308DF9} = {0FC27E61-2233-4D64-B3AE-2D4209EFB64F}
		{F929CA6A-87BD-42C8-8D0A-6455DB6F55DC} = {0FC27E61-2233-4D64-B3AE-2D4209EFB64F}
		{26423168-F4AC-4A80-B4F8-01930B43477F} = {0FC27E61-2233-4D64-B3AE-2D4209EFB64F}
		{E8848798-2447-4B2A-8B9A-548BA4A1D9E2} = {0FC27E61-2233-4D64-B3AE-2D4209EFB64F}
		{CF4C70EC-A850-4483-864E-E3E9C262A41B} = {FB543C69-D885-4002-B590-AA05EFC50BF0}
		{7BE9B617-6E2F-43C4-92F2-2CF453A94288} = {FB543C69-D885-4002-B590-AA05EFC50BF0}
	EndGlobalSection
EndGlobal
