
Microsoft Visual Studio Solution File, Format Version 11.00
# Visual Studio 2010
Project("{FAE04EC0-301F-11D3-BF4B-00C04F79EFBC}") = "MSMQEditor", "MSMQEditor\MSMQEditor.csproj", "{CDD82142-F2F8-4AA1-88E6-CBACC6521B21}"
EndProject
Project("{54435603-DBB4-11D2-8724-00A0C9A8B90C}") = "QueueEdtor", "QueueEdtor\QueueEdtor.vdproj", "{06CF15C9-C04D-415B-BA8B-72E0328407BB}"
EndProject
Global
	GlobalSection(SolutionConfigurationPlatforms) = preSolution
		Debug|x86 = Debug|x86
		Release|x86 = Release|x86
	EndGlobalSection
	GlobalSection(ProjectConfigurationPlatforms) = postSolution
		{CDD82142-F2F8-4AA1-88E6-CBACC6521B21}.Debug|x86.ActiveCfg = Debug|x86
		{CDD82142-F2F8-4AA1-88E6-CBACC6521B21}.Debug|x86.Build.0 = Debug|x86
		{CDD82142-F2F8-4AA1-88E6-CBACC6521B21}.Release|x86.ActiveCfg = Release|x86
		{CDD82142-F2F8-4AA1-88E6-CBACC6521B21}.Release|x86.Build.0 = Release|x86
		{06CF15C9-C04D-415B-BA8B-72E0328407BB}.Debug|x86.ActiveCfg = Debug
		{06CF15C9-C04D-415B-BA8B-72E0328407BB}.Release|x86.ActiveCfg = Release
	EndGlobalSection
	GlobalSection(SolutionProperties) = preSolution
		HideSolutionNode = FALSE
	EndGlobalSection
EndGlobal
